// !$*UTF8*$!
{
	archiveVersion = 1;
	classes = {
	};
	objectVersion = 46;
	objects = {

/* Begin PBXBuildFile section */
		3AA4FA7C18DDD1EE00E21BFB /* RunDescription.m in Sources */ = {isa = PBXBuildFile; fileRef = 3AA4FA7B18DDD1EE00E21BFB /* RunDescription.m */; };
		3AA4FA7F18DDDD4D00E21BFB /* Food.m in Sources */ = {isa = PBXBuildFile; fileRef = 3AA4FA7E18DDDD4D00E21BFB /* Food.m */; };
		3AA4FA8218DDDD4E00E21BFB /* User.m in Sources */ = {isa = PBXBuildFile; fileRef = 3AA4FA8118DDDD4E00E21BFB /* User.m */; };
		3AA4FA8518DDDD4E00E21BFB /* Run.m in Sources */ = {isa = PBXBuildFile; fileRef = 3AA4FA8418DDDD4E00E21BFB /* Run.m */; };
		3AA4FA8818DDF26800E21BFB /* RunHistoryViewController.m in Sources */ = {isa = PBXBuildFile; fileRef = 3AA4FA8718DDF26800E21BFB /* RunHistoryViewController.m */; };
		E036342A18B01BEB00D3878A /* BMIAddWeightViewController.m in Sources */ = {isa = PBXBuildFile; fileRef = E036342918B01BEB00D3878A /* BMIAddWeightViewController.m */; };
		E03AB6AF18A7894700EA6BCE /* RoundedSummaryView.m in Sources */ = {isa = PBXBuildFile; fileRef = E03AB6AE18A7894700EA6BCE /* RoundedSummaryView.m */; };
		E03AB6B218A7896500EA6BCE /* CircleSummaryView.m in Sources */ = {isa = PBXBuildFile; fileRef = E03AB6B118A7896500EA6BCE /* CircleSummaryView.m */; };
		E03AB6B518A7AC2100EA6BCE /* FoodHistoryViewController.m in Sources */ = {isa = PBXBuildFile; fileRef = E03AB6B418A7AC2100EA6BCE /* FoodHistoryViewController.m */; };
		E03AB6B718A7C8BD00EA6BCE /* CoreData.framework in Frameworks */ = {isa = PBXBuildFile; fileRef = E03AB6B618A7C8BD00EA6BCE /* CoreData.framework */; };
		E03AB6BA18A7C8FF00EA6BCE /* HealthTrackerDatabaseModel.xcdatamodeld in Sources */ = {isa = PBXBuildFile; fileRef = E03AB6B818A7C8FF00EA6BCE /* HealthTrackerDatabaseModel.xcdatamodeld */; };
		E0423C2318AFB86E00747C21 /* progress.png in Resources */ = {isa = PBXBuildFile; fileRef = E0423C2218AFB86E00747C21 /* progress.png */; };
		E0423C2718AFBF0000747C21 /* button.png in Resources */ = {isa = PBXBuildFile; fileRef = E0423C2618AFBF0000747C21 /* button.png */; };
		E0454A731893FD4A00D22C6A /* SugarAndFats.plist in Resources */ = {isa = PBXBuildFile; fileRef = E0454A721893FD4A00D22C6A /* SugarAndFats.plist */; };
		E04C6A8F18849986005E90B2 /* Foundation.framework in Frameworks */ = {isa = PBXBuildFile; fileRef = E04C6A8E18849986005E90B2 /* Foundation.framework */; };
		E04C6A9118849986005E90B2 /* CoreGraphics.framework in Frameworks */ = {isa = PBXBuildFile; fileRef = E04C6A9018849986005E90B2 /* CoreGraphics.framework */; };
		E04C6A9318849986005E90B2 /* UIKit.framework in Frameworks */ = {isa = PBXBuildFile; fileRef = E04C6A9218849986005E90B2 /* UIKit.framework */; };
		E04C6A9918849986005E90B2 /* InfoPlist.strings in Resources */ = {isa = PBXBuildFile; fileRef = E04C6A9718849986005E90B2 /* InfoPlist.strings */; };
		E04C6A9B18849986005E90B2 /* main.m in Sources */ = {isa = PBXBuildFile; fileRef = E04C6A9A18849986005E90B2 /* main.m */; };
		E04C6A9F18849986005E90B2 /* HealthTrackerAppDelegate.m in Sources */ = {isa = PBXBuildFile; fileRef = E04C6A9E18849986005E90B2 /* HealthTrackerAppDelegate.m */; };
		E04C6AA218849986005E90B2 /* Main.storyboard in Resources */ = {isa = PBXBuildFile; fileRef = E04C6AA018849986005E90B2 /* Main.storyboard */; };
		E04C6AA718849986005E90B2 /* Images.xcassets in Resources */ = {isa = PBXBuildFile; fileRef = E04C6AA618849986005E90B2 /* Images.xcassets */; };
		E04C6AAE18849986005E90B2 /* XCTest.framework in Frameworks */ = {isa = PBXBuildFile; fileRef = E04C6AAD18849986005E90B2 /* XCTest.framework */; };
		E04C6AAF18849986005E90B2 /* Foundation.framework in Frameworks */ = {isa = PBXBuildFile; fileRef = E04C6A8E18849986005E90B2 /* Foundation.framework */; };
		E04C6AB018849986005E90B2 /* UIKit.framework in Frameworks */ = {isa = PBXBuildFile; fileRef = E04C6A9218849986005E90B2 /* UIKit.framework */; };
		E04C6AB818849986005E90B2 /* InfoPlist.strings in Resources */ = {isa = PBXBuildFile; fileRef = E04C6AB618849986005E90B2 /* InfoPlist.strings */; };
		E04C6ABA18849986005E90B2 /* HealthTrackerTests.m in Sources */ = {isa = PBXBuildFile; fileRef = E04C6AB918849986005E90B2 /* HealthTrackerTests.m */; };
		E04C6AD41884A0AF005E90B2 /* BMI.png in Resources */ = {isa = PBXBuildFile; fileRef = E04C6AD21884A0AF005E90B2 /* BMI.png */; };
		E04C6AD51884A0AF005E90B2 /* BMI@2x.png in Resources */ = {isa = PBXBuildFile; fileRef = E04C6AD31884A0AF005E90B2 /* BMI@2x.png */; };
		E069C65F18D79AA70006F730 /* CoreLocation.framework in Frameworks */ = {isa = PBXBuildFile; fileRef = E069C65E18D79AA70006F730 /* CoreLocation.framework */; };
		E06BFC25189E596D00A17F1C /* UserDescription.m in Sources */ = {isa = PBXBuildFile; fileRef = E06BFC23189E596D00A17F1C /* UserDescription.m */; };
		E06BFC28189E835100A17F1C /* HealthTracker.m in Sources */ = {isa = PBXBuildFile; fileRef = E06BFC27189E835100A17F1C /* HealthTracker.m */; };
		E06BFC31189EA67B00A17F1C /* SetupViewController.m in Sources */ = {isa = PBXBuildFile; fileRef = E06BFC30189EA67B00A17F1C /* SetupViewController.m */; };
		E06BFC44189EA69200A17F1C /* MapViewController.m in Sources */ = {isa = PBXBuildFile; fileRef = E06BFC32189EA69200A17F1C /* MapViewController.m */; };
		E06BFC45189EA69200A17F1C /* FoodTrackerViewController.m in Sources */ = {isa = PBXBuildFile; fileRef = E06BFC34189EA69200A17F1C /* FoodTrackerViewController.m */; };
		E06BFC46189EA69200A17F1C /* FoodDetailViewController.m in Sources */ = {isa = PBXBuildFile; fileRef = E06BFC35189EA69200A17F1C /* FoodDetailViewController.m */; };
		E06BFC47189EA69200A17F1C /* FoodSelectionViewController.m in Sources */ = {isa = PBXBuildFile; fileRef = E06BFC36189EA69200A17F1C /* FoodSelectionViewController.m */; };
		E06BFC48189EA69200A17F1C /* SummaryViewController.m in Sources */ = {isa = PBXBuildFile; fileRef = E06BFC39189EA69200A17F1C /* SummaryViewController.m */; };
		E06BFC49189EA69200A17F1C /* ProfileViewController.m in Sources */ = {isa = PBXBuildFile; fileRef = E06BFC3D189EA69200A17F1C /* ProfileViewController.m */; };
		E06BFC4A189EA69200A17F1C /* FitnessActivityLogViewController.m in Sources */ = {isa = PBXBuildFile; fileRef = E06BFC3F189EA69200A17F1C /* FitnessActivityLogViewController.m */; };
		E06BFC4B189EA69200A17F1C /* BMIViewController.m in Sources */ = {isa = PBXBuildFile; fileRef = E06BFC40189EA69200A17F1C /* BMIViewController.m */; };
		E06BFC4C189EA69200A17F1C /* HealthTrackerViewController.m in Sources */ = {isa = PBXBuildFile; fileRef = E06BFC43189EA69200A17F1C /* HealthTrackerViewController.m */; };
		E06BFC4F189ECA4100A17F1C /* HealthTrackerTabBarController.m in Sources */ = {isa = PBXBuildFile; fileRef = E06BFC4E189ECA4100A17F1C /* HealthTrackerTabBarController.m */; };
		E06BFC52189ECDDA00A17F1C /* AdditionalSetupViewController.m in Sources */ = {isa = PBXBuildFile; fileRef = E06BFC51189ECDDA00A17F1C /* AdditionalSetupViewController.m */; };
		E07CF31818A693D600D04D23 /* IntroViewController.m in Sources */ = {isa = PBXBuildFile; fileRef = E07CF31718A693D600D04D23 /* IntroViewController.m */; };
		E0800FEA18982B160022F539 /* AppSummary.png in Resources */ = {isa = PBXBuildFile; fileRef = E0800FE818982B160022F539 /* AppSummary.png */; };
		E0800FEB18982B160022F539 /* AppSummary@2.png in Resources */ = {isa = PBXBuildFile; fileRef = E0800FE918982B160022F539 /* AppSummary@2.png */; };
		E0A141A01886C2DA006F73EA /* ButtonSugarsFat.png in Resources */ = {isa = PBXBuildFile; fileRef = E0A1419F1886C2DA006F73EA /* ButtonSugarsFat.png */; };
		E0A141A51886DC38006F73EA /* ButtonFruit.png in Resources */ = {isa = PBXBuildFile; fileRef = E0A141A11886DC38006F73EA /* ButtonFruit.png */; };
		E0A141A61886DC38006F73EA /* ButtonProtein.png in Resources */ = {isa = PBXBuildFile; fileRef = E0A141A21886DC38006F73EA /* ButtonProtein.png */; };
		E0A141A71886DC38006F73EA /* ButtonStarch.png in Resources */ = {isa = PBXBuildFile; fileRef = E0A141A31886DC38006F73EA /* ButtonStarch.png */; };
		E0A141A81886DC38006F73EA /* ButtonVage.png in Resources */ = {isa = PBXBuildFile; fileRef = E0A141A41886DC38006F73EA /* ButtonVage.png */; };
		E0ACB803189436C600328604 /* DairyAndMeat.plist in Resources */ = {isa = PBXBuildFile; fileRef = E0ACB802189436C600328604 /* DairyAndMeat.plist */; };
		E0ACB806189444A700328604 /* Vegetable.plist in Resources */ = {isa = PBXBuildFile; fileRef = E0ACB805189444A700328604 /* Vegetable.plist */; };
		E0ACB80A189449FE00328604 /* FoodDescription.m in Sources */ = {isa = PBXBuildFile; fileRef = E0ACB809189449FE00328604 /* FoodDescription.m */; };
		E0ACB80D18944A6000328604 /* FoodDataStore.m in Sources */ = {isa = PBXBuildFile; fileRef = E0ACB80C18944A6000328604 /* FoodDataStore.m */; };
		E0ACB8111894680E00328604 /* Fruit.plist in Resources */ = {isa = PBXBuildFile; fileRef = E0ACB8101894680E00328604 /* Fruit.plist */; };
		E0ACB81318946BB100328604 /* Starch.plist in Resources */ = {isa = PBXBuildFile; fileRef = E0ACB81218946BB100328604 /* Starch.plist */; };
		E0CFF07B1885E817003A4D47 /* MapKit.framework in Frameworks */ = {isa = PBXBuildFile; fileRef = E0CFF07A1885E817003A4D47 /* MapKit.framework */; };
		E0E6901918B0FDD70024E0FB /* UserSettingsViewController.m in Sources */ = {isa = PBXBuildFile; fileRef = E0E6901818B0FDD70024E0FB /* UserSettingsViewController.m */; };
		E0E6901C18B0FE120024E0FB /* NotificationsViewController.m in Sources */ = {isa = PBXBuildFile; fileRef = E0E6901B18B0FE120024E0FB /* NotificationsViewController.m */; };
		E0E6901F18B0FE2A0024E0FB /* OtherSettingsViewController.m in Sources */ = {isa = PBXBuildFile; fileRef = E0E6901E18B0FE2A0024E0FB /* OtherSettingsViewController.m */; };
		E0E6902318B0FF180024E0FB /* NotificationAdapter.m in Sources */ = {isa = PBXBuildFile; fileRef = E0E6902218B0FF180024E0FB /* NotificationAdapter.m */; };
		E0F8B70C18855CB9000E1BC8 /* FitnessActivityLog.png in Resources */ = {isa = PBXBuildFile; fileRef = E0F8B70A18855CB9000E1BC8 /* FitnessActivityLog.png */; };
		E0F8B70D18855CB9000E1BC8 /* FitnessActivityLog@2x.png in Resources */ = {isa = PBXBuildFile; fileRef = E0F8B70B18855CB9000E1BC8 /* FitnessActivityLog@2x.png */; };
		E0F8B7191885611F000E1BC8 /* FoodTracker.png in Resources */ = {isa = PBXBuildFile; fileRef = E0F8B7111885611F000E1BC8 /* FoodTracker.png */; };
		E0F8B71A1885611F000E1BC8 /* FoodTracker@2x.png in Resources */ = {isa = PBXBuildFile; fileRef = E0F8B7121885611F000E1BC8 /* FoodTracker@2x.png */; };
		E0F8B71B1885611F000E1BC8 /* map.png in Resources */ = {isa = PBXBuildFile; fileRef = E0F8B7131885611F000E1BC8 /* map.png */; };
		E0F8B71C1885611F000E1BC8 /* map@2x.png in Resources */ = {isa = PBXBuildFile; fileRef = E0F8B7141885611F000E1BC8 /* map@2x.png */; };
		E0F8B71D1885611F000E1BC8 /* Profile.png in Resources */ = {isa = PBXBuildFile; fileRef = E0F8B7151885611F000E1BC8 /* Profile.png */; };
		E0F8B71E1885611F000E1BC8 /* Profile@2x.png in Resources */ = {isa = PBXBuildFile; fileRef = E0F8B7161885611F000E1BC8 /* Profile@2x.png */; };
		E0F8B71F1885611F000E1BC8 /* Summary.png in Resources */ = {isa = PBXBuildFile; fileRef = E0F8B7171885611F000E1BC8 /* Summary.png */; };
		E0F8B7201885611F000E1BC8 /* Summary@2x.png in Resources */ = {isa = PBXBuildFile; fileRef = E0F8B7181885611F000E1BC8 /* Summary@2x.png */; };
/* End PBXBuildFile section */

/* Begin PBXContainerItemProxy section */
		E04C6AB118849986005E90B2 /* PBXContainerItemProxy */ = {
			isa = PBXContainerItemProxy;
			containerPortal = E04C6A8318849986005E90B2 /* Project object */;
			proxyType = 1;
			remoteGlobalIDString = E04C6A8A18849986005E90B2;
			remoteInfo = HealthTracker;
		};
/* End PBXContainerItemProxy section */

/* Begin PBXFileReference section */
		3AA4FA7A18DDD1EE00E21BFB /* RunDescription.h */ = {isa = PBXFileReference; fileEncoding = 4; lastKnownFileType = sourcecode.c.h; name = RunDescription.h; path = Model/Run/RunDescription.h; sourceTree = "<group>"; };
		3AA4FA7B18DDD1EE00E21BFB /* RunDescription.m */ = {isa = PBXFileReference; fileEncoding = 4; lastKnownFileType = sourcecode.c.objc; name = RunDescription.m; path = Model/Run/RunDescription.m; sourceTree = "<group>"; };
		3AA4FA7D18DDDD4D00E21BFB /* Food.h */ = {isa = PBXFileReference; fileEncoding = 4; lastKnownFileType = sourcecode.c.h; name = Food.h; path = Model/CoreData/Food.h; sourceTree = "<group>"; };
		3AA4FA7E18DDDD4D00E21BFB /* Food.m */ = {isa = PBXFileReference; fileEncoding = 4; lastKnownFileType = sourcecode.c.objc; name = Food.m; path = Model/CoreData/Food.m; sourceTree = "<group>"; };
		3AA4FA8018DDDD4E00E21BFB /* User.h */ = {isa = PBXFileReference; fileEncoding = 4; lastKnownFileType = sourcecode.c.h; name = User.h; path = Model/CoreData/User.h; sourceTree = "<group>"; };
		3AA4FA8118DDDD4E00E21BFB /* User.m */ = {isa = PBXFileReference; fileEncoding = 4; lastKnownFileType = sourcecode.c.objc; name = User.m; path = Model/CoreData/User.m; sourceTree = "<group>"; };
		3AA4FA8318DDDD4E00E21BFB /* Run.h */ = {isa = PBXFileReference; fileEncoding = 4; lastKnownFileType = sourcecode.c.h; name = Run.h; path = Model/CoreData/Run.h; sourceTree = "<group>"; };
		3AA4FA8418DDDD4E00E21BFB /* Run.m */ = {isa = PBXFileReference; fileEncoding = 4; lastKnownFileType = sourcecode.c.objc; name = Run.m; path = Model/CoreData/Run.m; sourceTree = "<group>"; };
		3AA4FA8618DDF26800E21BFB /* RunHistoryViewController.h */ = {isa = PBXFileReference; fileEncoding = 4; lastKnownFileType = sourcecode.c.h; name = RunHistoryViewController.h; path = Controller/RunHistoryViewController.h; sourceTree = "<group>"; };
		3AA4FA8718DDF26800E21BFB /* RunHistoryViewController.m */ = {isa = PBXFileReference; fileEncoding = 4; lastKnownFileType = sourcecode.c.objc; name = RunHistoryViewController.m; path = Controller/RunHistoryViewController.m; sourceTree = "<group>"; };
		E036342818B01BEB00D3878A /* BMIAddWeightViewController.h */ = {isa = PBXFileReference; fileEncoding = 4; lastKnownFileType = sourcecode.c.h; name = BMIAddWeightViewController.h; path = Controller/BMIAddWeightViewController.h; sourceTree = "<group>"; };
		E036342918B01BEB00D3878A /* BMIAddWeightViewController.m */ = {isa = PBXFileReference; fileEncoding = 4; lastKnownFileType = sourcecode.c.objc; name = BMIAddWeightViewController.m; path = Controller/BMIAddWeightViewController.m; sourceTree = "<group>"; };
		E03AB6AD18A7894700EA6BCE /* RoundedSummaryView.h */ = {isa = PBXFileReference; fileEncoding = 4; lastKnownFileType = sourcecode.c.h; name = RoundedSummaryView.h; path = View/RoundedSummaryView.h; sourceTree = "<group>"; };
		E03AB6AE18A7894700EA6BCE /* RoundedSummaryView.m */ = {isa = PBXFileReference; fileEncoding = 4; lastKnownFileType = sourcecode.c.objc; name = RoundedSummaryView.m; path = View/RoundedSummaryView.m; sourceTree = "<group>"; };
		E03AB6B018A7896500EA6BCE /* CircleSummaryView.h */ = {isa = PBXFileReference; fileEncoding = 4; lastKnownFileType = sourcecode.c.h; name = CircleSummaryView.h; path = View/CircleSummaryView.h; sourceTree = "<group>"; };
		E03AB6B118A7896500EA6BCE /* CircleSummaryView.m */ = {isa = PBXFileReference; fileEncoding = 4; lastKnownFileType = sourcecode.c.objc; name = CircleSummaryView.m; path = View/CircleSummaryView.m; sourceTree = "<group>"; };
		E03AB6B318A7AC2100EA6BCE /* FoodHistoryViewController.h */ = {isa = PBXFileReference; fileEncoding = 4; lastKnownFileType = sourcecode.c.h; name = FoodHistoryViewController.h; path = Controller/FoodHistoryViewController.h; sourceTree = "<group>"; };
		E03AB6B418A7AC2100EA6BCE /* FoodHistoryViewController.m */ = {isa = PBXFileReference; fileEncoding = 4; lastKnownFileType = sourcecode.c.objc; name = FoodHistoryViewController.m; path = Controller/FoodHistoryViewController.m; sourceTree = "<group>"; };
		E03AB6B618A7C8BD00EA6BCE /* CoreData.framework */ = {isa = PBXFileReference; lastKnownFileType = wrapper.framework; name = CoreData.framework; path = System/Library/Frameworks/CoreData.framework; sourceTree = SDKROOT; };
		E03AB6B918A7C8FF00EA6BCE /* HealthTrackerDatabaseModel.xcdatamodel */ = {isa = PBXFileReference; lastKnownFileType = wrapper.xcdatamodel; path = HealthTrackerDatabaseModel.xcdatamodel; sourceTree = "<group>"; };
		E0423C2218AFB86E00747C21 /* progress.png */ = {isa = PBXFileReference; lastKnownFileType = image.png; path = progress.png; sourceTree = "<group>"; };
		E0423C2618AFBF0000747C21 /* button.png */ = {isa = PBXFileReference; lastKnownFileType = image.png; path = button.png; sourceTree = "<group>"; };
		E0454A721893FD4A00D22C6A /* SugarAndFats.plist */ = {isa = PBXFileReference; fileEncoding = 4; lastKnownFileType = text.plist.xml; name = SugarAndFats.plist; path = FoodData/SugarAndFats.plist; sourceTree = "<group>"; };
		E04C6A8B18849986005E90B2 /* HealthTracker.app */ = {isa = PBXFileReference; explicitFileType = wrapper.application; includeInIndex = 0; path = HealthTracker.app; sourceTree = BUILT_PRODUCTS_DIR; };
		E04C6A8E18849986005E90B2 /* Foundation.framework */ = {isa = PBXFileReference; lastKnownFileType = wrapper.framework; name = Foundation.framework; path = System/Library/Frameworks/Foundation.framework; sourceTree = SDKROOT; };
		E04C6A9018849986005E90B2 /* CoreGraphics.framework */ = {isa = PBXFileReference; lastKnownFileType = wrapper.framework; name = CoreGraphics.framework; path = System/Library/Frameworks/CoreGraphics.framework; sourceTree = SDKROOT; };
		E04C6A9218849986005E90B2 /* UIKit.framework */ = {isa = PBXFileReference; lastKnownFileType = wrapper.framework; name = UIKit.framework; path = System/Library/Frameworks/UIKit.framework; sourceTree = SDKROOT; };
		E04C6A9618849986005E90B2 /* HealthTracker-Info.plist */ = {isa = PBXFileReference; lastKnownFileType = text.plist.xml; path = "HealthTracker-Info.plist"; sourceTree = "<group>"; };
		E04C6A9818849986005E90B2 /* en */ = {isa = PBXFileReference; lastKnownFileType = text.plist.strings; name = en; path = en.lproj/InfoPlist.strings; sourceTree = "<group>"; };
		E04C6A9A18849986005E90B2 /* main.m */ = {isa = PBXFileReference; lastKnownFileType = sourcecode.c.objc; path = main.m; sourceTree = "<group>"; };
		E04C6A9C18849986005E90B2 /* HealthTracker-Prefix.pch */ = {isa = PBXFileReference; lastKnownFileType = sourcecode.c.h; path = "HealthTracker-Prefix.pch"; sourceTree = "<group>"; };
		E04C6A9D18849986005E90B2 /* HealthTrackerAppDelegate.h */ = {isa = PBXFileReference; lastKnownFileType = sourcecode.c.h; path = HealthTrackerAppDelegate.h; sourceTree = "<group>"; };
		E04C6A9E18849986005E90B2 /* HealthTrackerAppDelegate.m */ = {isa = PBXFileReference; lastKnownFileType = sourcecode.c.objc; path = HealthTrackerAppDelegate.m; sourceTree = "<group>"; };
		E04C6AA118849986005E90B2 /* Base */ = {isa = PBXFileReference; lastKnownFileType = file.storyboard; name = Base; path = Base.lproj/Main.storyboard; sourceTree = "<group>"; };
		E04C6AA618849986005E90B2 /* Images.xcassets */ = {isa = PBXFileReference; lastKnownFileType = folder.assetcatalog; path = Images.xcassets; sourceTree = "<group>"; };
		E04C6AAC18849986005E90B2 /* HealthTrackerTests.xctest */ = {isa = PBXFileReference; explicitFileType = wrapper.cfbundle; includeInIndex = 0; path = HealthTrackerTests.xctest; sourceTree = BUILT_PRODUCTS_DIR; };
		E04C6AAD18849986005E90B2 /* XCTest.framework */ = {isa = PBXFileReference; lastKnownFileType = wrapper.framework; name = XCTest.framework; path = Library/Frameworks/XCTest.framework; sourceTree = DEVELOPER_DIR; };
		E04C6AB518849986005E90B2 /* HealthTrackerTests-Info.plist */ = {isa = PBXFileReference; lastKnownFileType = text.plist.xml; path = "HealthTrackerTests-Info.plist"; sourceTree = "<group>"; };
		E04C6AB718849986005E90B2 /* en */ = {isa = PBXFileReference; lastKnownFileType = text.plist.strings; name = en; path = en.lproj/InfoPlist.strings; sourceTree = "<group>"; };
		E04C6AB918849986005E90B2 /* HealthTrackerTests.m */ = {isa = PBXFileReference; lastKnownFileType = sourcecode.c.objc; path = HealthTrackerTests.m; sourceTree = "<group>"; };
		E04C6AD21884A0AF005E90B2 /* BMI.png */ = {isa = PBXFileReference; lastKnownFileType = image.png; path = BMI.png; sourceTree = "<group>"; };
		E04C6AD31884A0AF005E90B2 /* BMI@2x.png */ = {isa = PBXFileReference; lastKnownFileType = image.png; path = "BMI@2x.png"; sourceTree = "<group>"; };
		E069C65E18D79AA70006F730 /* CoreLocation.framework */ = {isa = PBXFileReference; lastKnownFileType = wrapper.framework; name = CoreLocation.framework; path = System/Library/Frameworks/CoreLocation.framework; sourceTree = SDKROOT; };
		E06BFC22189E596D00A17F1C /* UserDescription.h */ = {isa = PBXFileReference; fileEncoding = 4; lastKnownFileType = sourcecode.c.h; name = UserDescription.h; path = Model/UserModel/UserDescription.h; sourceTree = "<group>"; };
		E06BFC23189E596D00A17F1C /* UserDescription.m */ = {isa = PBXFileReference; fileEncoding = 4; lastKnownFileType = sourcecode.c.objc; name = UserDescription.m; path = Model/UserModel/UserDescription.m; sourceTree = "<group>"; };
		E06BFC26189E835100A17F1C /* HealthTracker.h */ = {isa = PBXFileReference; fileEncoding = 4; lastKnownFileType = sourcecode.c.h; name = HealthTracker.h; path = Model/UserModel/HealthTracker.h; sourceTree = "<group>"; };
		E06BFC27189E835100A17F1C /* HealthTracker.m */ = {isa = PBXFileReference; fileEncoding = 4; lastKnownFileType = sourcecode.c.objc; name = HealthTracker.m; path = Model/UserModel/HealthTracker.m; sourceTree = "<group>"; };
		E06BFC2F189EA67B00A17F1C /* SetupViewController.h */ = {isa = PBXFileReference; fileEncoding = 4; lastKnownFileType = sourcecode.c.h; name = SetupViewController.h; path = Controller/SetupViewController.h; sourceTree = "<group>"; };
		E06BFC30189EA67B00A17F1C /* SetupViewController.m */ = {isa = PBXFileReference; fileEncoding = 4; lastKnownFileType = sourcecode.c.objc; name = SetupViewController.m; path = Controller/SetupViewController.m; sourceTree = "<group>"; };
		E06BFC32189EA69200A17F1C /* MapViewController.m */ = {isa = PBXFileReference; fileEncoding = 4; lastKnownFileType = sourcecode.c.objc; name = MapViewController.m; path = Controller/MapViewController.m; sourceTree = "<group>"; };
		E06BFC33189EA69200A17F1C /* FoodTrackerViewController.h */ = {isa = PBXFileReference; fileEncoding = 4; lastKnownFileType = sourcecode.c.h; name = FoodTrackerViewController.h; path = Controller/FoodTrackerViewController.h; sourceTree = "<group>"; };
		E06BFC34189EA69200A17F1C /* FoodTrackerViewController.m */ = {isa = PBXFileReference; fileEncoding = 4; lastKnownFileType = sourcecode.c.objc; name = FoodTrackerViewController.m; path = Controller/FoodTrackerViewController.m; sourceTree = "<group>"; };
		E06BFC35189EA69200A17F1C /* FoodDetailViewController.m */ = {isa = PBXFileReference; fileEncoding = 4; lastKnownFileType = sourcecode.c.objc; name = FoodDetailViewController.m; path = Controller/FoodDetailViewController.m; sourceTree = "<group>"; };
		E06BFC36189EA69200A17F1C /* FoodSelectionViewController.m */ = {isa = PBXFileReference; fileEncoding = 4; lastKnownFileType = sourcecode.c.objc; name = FoodSelectionViewController.m; path = Controller/FoodSelectionViewController.m; sourceTree = "<group>"; };
		E06BFC37189EA69200A17F1C /* FoodSelectionViewController.h */ = {isa = PBXFileReference; fileEncoding = 4; lastKnownFileType = sourcecode.c.h; name = FoodSelectionViewController.h; path = Controller/FoodSelectionViewController.h; sourceTree = "<group>"; };
		E06BFC38189EA69200A17F1C /* FoodDetailViewController.h */ = {isa = PBXFileReference; fileEncoding = 4; lastKnownFileType = sourcecode.c.h; name = FoodDetailViewController.h; path = Controller/FoodDetailViewController.h; sourceTree = "<group>"; };
		E06BFC39189EA69200A17F1C /* SummaryViewController.m */ = {isa = PBXFileReference; fileEncoding = 4; lastKnownFileType = sourcecode.c.objc; name = SummaryViewController.m; path = Controller/SummaryViewController.m; sourceTree = "<group>"; };
		E06BFC3A189EA69200A17F1C /* MapViewController.h */ = {isa = PBXFileReference; fileEncoding = 4; lastKnownFileType = sourcecode.c.h; name = MapViewController.h; path = Controller/MapViewController.h; sourceTree = "<group>"; };
		E06BFC3B189EA69200A17F1C /* SummaryViewController.h */ = {isa = PBXFileReference; fileEncoding = 4; lastKnownFileType = sourcecode.c.h; name = SummaryViewController.h; path = Controller/SummaryViewController.h; sourceTree = "<group>"; };
		E06BFC3C189EA69200A17F1C /* ProfileViewController.h */ = {isa = PBXFileReference; fileEncoding = 4; lastKnownFileType = sourcecode.c.h; name = ProfileViewController.h; path = Controller/ProfileViewController.h; sourceTree = "<group>"; };
		E06BFC3D189EA69200A17F1C /* ProfileViewController.m */ = {isa = PBXFileReference; fileEncoding = 4; lastKnownFileType = sourcecode.c.objc; name = ProfileViewController.m; path = Controller/ProfileViewController.m; sourceTree = "<group>"; };
		E06BFC3E189EA69200A17F1C /* FitnessActivityLogViewController.h */ = {isa = PBXFileReference; fileEncoding = 4; lastKnownFileType = sourcecode.c.h; name = FitnessActivityLogViewController.h; path = Controller/FitnessActivityLogViewController.h; sourceTree = "<group>"; };
		E06BFC3F189EA69200A17F1C /* FitnessActivityLogViewController.m */ = {isa = PBXFileReference; fileEncoding = 4; lastKnownFileType = sourcecode.c.objc; name = FitnessActivityLogViewController.m; path = Controller/FitnessActivityLogViewController.m; sourceTree = "<group>"; };
		E06BFC40189EA69200A17F1C /* BMIViewController.m */ = {isa = PBXFileReference; fileEncoding = 4; lastKnownFileType = sourcecode.c.objc; name = BMIViewController.m; path = Controller/BMIViewController.m; sourceTree = "<group>"; };
		E06BFC41189EA69200A17F1C /* BMIViewController.h */ = {isa = PBXFileReference; fileEncoding = 4; lastKnownFileType = sourcecode.c.h; name = BMIViewController.h; path = Controller/BMIViewController.h; sourceTree = "<group>"; };
		E06BFC42189EA69200A17F1C /* HealthTrackerViewController.h */ = {isa = PBXFileReference; fileEncoding = 4; lastKnownFileType = sourcecode.c.h; name = HealthTrackerViewController.h; path = Controller/HealthTrackerViewController.h; sourceTree = "<group>"; };
		E06BFC43189EA69200A17F1C /* HealthTrackerViewController.m */ = {isa = PBXFileReference; fileEncoding = 4; lastKnownFileType = sourcecode.c.objc; name = HealthTrackerViewController.m; path = Controller/HealthTrackerViewController.m; sourceTree = "<group>"; };
		E06BFC4D189ECA4100A17F1C /* HealthTrackerTabBarController.h */ = {isa = PBXFileReference; fileEncoding = 4; lastKnownFileType = sourcecode.c.h; name = HealthTrackerTabBarController.h; path = Controller/HealthTrackerTabBarController.h; sourceTree = "<group>"; };
		E06BFC4E189ECA4100A17F1C /* HealthTrackerTabBarController.m */ = {isa = PBXFileReference; fileEncoding = 4; lastKnownFileType = sourcecode.c.objc; name = HealthTrackerTabBarController.m; path = Controller/HealthTrackerTabBarController.m; sourceTree = "<group>"; };
		E06BFC50189ECDDA00A17F1C /* AdditionalSetupViewController.h */ = {isa = PBXFileReference; fileEncoding = 4; lastKnownFileType = sourcecode.c.h; name = AdditionalSetupViewController.h; path = Controller/AdditionalSetupViewController.h; sourceTree = "<group>"; };
		E06BFC51189ECDDA00A17F1C /* AdditionalSetupViewController.m */ = {isa = PBXFileReference; fileEncoding = 4; lastKnownFileType = sourcecode.c.objc; name = AdditionalSetupViewController.m; path = Controller/AdditionalSetupViewController.m; sourceTree = "<group>"; };
		E07CF31618A693D600D04D23 /* IntroViewController.h */ = {isa = PBXFileReference; fileEncoding = 4; lastKnownFileType = sourcecode.c.h; name = IntroViewController.h; path = Controller/IntroViewController.h; sourceTree = "<group>"; };
		E07CF31718A693D600D04D23 /* IntroViewController.m */ = {isa = PBXFileReference; fileEncoding = 4; lastKnownFileType = sourcecode.c.objc; name = IntroViewController.m; path = Controller/IntroViewController.m; sourceTree = "<group>"; };
		E0800FE818982B160022F539 /* AppSummary.png */ = {isa = PBXFileReference; lastKnownFileType = image.png; path = AppSummary.png; sourceTree = "<group>"; };
		E0800FE918982B160022F539 /* AppSummary@2.png */ = {isa = PBXFileReference; lastKnownFileType = image.png; path = "AppSummary@2.png"; sourceTree = "<group>"; };
		E0A1419F1886C2DA006F73EA /* ButtonSugarsFat.png */ = {isa = PBXFileReference; lastKnownFileType = image.png; path = ButtonSugarsFat.png; sourceTree = "<group>"; };
		E0A141A11886DC38006F73EA /* ButtonFruit.png */ = {isa = PBXFileReference; lastKnownFileType = image.png; path = ButtonFruit.png; sourceTree = "<group>"; };
		E0A141A21886DC38006F73EA /* ButtonProtein.png */ = {isa = PBXFileReference; lastKnownFileType = image.png; path = ButtonProtein.png; sourceTree = "<group>"; };
		E0A141A31886DC38006F73EA /* ButtonStarch.png */ = {isa = PBXFileReference; lastKnownFileType = image.png; path = ButtonStarch.png; sourceTree = "<group>"; };
		E0A141A41886DC38006F73EA /* ButtonVage.png */ = {isa = PBXFileReference; lastKnownFileType = image.png; path = ButtonVage.png; sourceTree = "<group>"; };
		E0ACB802189436C600328604 /* DairyAndMeat.plist */ = {isa = PBXFileReference; fileEncoding = 4; lastKnownFileType = text.plist.xml; name = DairyAndMeat.plist; path = FoodData/DairyAndMeat.plist; sourceTree = "<group>"; };
		E0ACB805189444A700328604 /* Vegetable.plist */ = {isa = PBXFileReference; fileEncoding = 4; lastKnownFileType = text.plist.xml; name = Vegetable.plist; path = FoodData/Vegetable.plist; sourceTree = "<group>"; };
		E0ACB808189449FE00328604 /* FoodDescription.h */ = {isa = PBXFileReference; fileEncoding = 4; lastKnownFileType = sourcecode.c.h; name = FoodDescription.h; path = Model/Food/FoodDescription.h; sourceTree = "<group>"; };
		E0ACB809189449FE00328604 /* FoodDescription.m */ = {isa = PBXFileReference; fileEncoding = 4; lastKnownFileType = sourcecode.c.objc; name = FoodDescription.m; path = Model/Food/FoodDescription.m; sourceTree = "<group>"; };
		E0ACB80B18944A6000328604 /* FoodDataStore.h */ = {isa = PBXFileReference; fileEncoding = 4; lastKnownFileType = sourcecode.c.h; name = FoodDataStore.h; path = Model/Food/FoodDataStore.h; sourceTree = "<group>"; };
		E0ACB80C18944A6000328604 /* FoodDataStore.m */ = {isa = PBXFileReference; fileEncoding = 4; lastKnownFileType = sourcecode.c.objc; name = FoodDataStore.m; path = Model/Food/FoodDataStore.m; sourceTree = "<group>"; };
		E0ACB8101894680E00328604 /* Fruit.plist */ = {isa = PBXFileReference; fileEncoding = 4; lastKnownFileType = text.plist.xml; name = Fruit.plist; path = FoodData/Fruit.plist; sourceTree = "<group>"; };
		E0ACB81218946BB100328604 /* Starch.plist */ = {isa = PBXFileReference; fileEncoding = 4; lastKnownFileType = text.plist.xml; name = Starch.plist; path = FoodData/Starch.plist; sourceTree = "<group>"; };
		E0CFF07A1885E817003A4D47 /* MapKit.framework */ = {isa = PBXFileReference; lastKnownFileType = wrapper.framework; name = MapKit.framework; path = System/Library/Frameworks/MapKit.framework; sourceTree = SDKROOT; };
		E0E6901718B0FDD70024E0FB /* UserSettingsViewController.h */ = {isa = PBXFileReference; fileEncoding = 4; lastKnownFileType = sourcecode.c.h; name = UserSettingsViewController.h; path = Controller/UserSettingsViewController.h; sourceTree = "<group>"; };
		E0E6901818B0FDD70024E0FB /* UserSettingsViewController.m */ = {isa = PBXFileReference; fileEncoding = 4; lastKnownFileType = sourcecode.c.objc; name = UserSettingsViewController.m; path = Controller/UserSettingsViewController.m; sourceTree = "<group>"; };
		E0E6901A18B0FE120024E0FB /* NotificationsViewController.h */ = {isa = PBXFileReference; fileEncoding = 4; lastKnownFileType = sourcecode.c.h; name = NotificationsViewController.h; path = Controller/NotificationsViewController.h; sourceTree = "<group>"; };
		E0E6901B18B0FE120024E0FB /* NotificationsViewController.m */ = {isa = PBXFileReference; fileEncoding = 4; lastKnownFileType = sourcecode.c.objc; name = NotificationsViewController.m; path = Controller/NotificationsViewController.m; sourceTree = "<group>"; };
		E0E6901D18B0FE2A0024E0FB /* OtherSettingsViewController.h */ = {isa = PBXFileReference; fileEncoding = 4; lastKnownFileType = sourcecode.c.h; name = OtherSettingsViewController.h; path = Controller/OtherSettingsViewController.h; sourceTree = "<group>"; };
		E0E6901E18B0FE2A0024E0FB /* OtherSettingsViewController.m */ = {isa = PBXFileReference; fileEncoding = 4; lastKnownFileType = sourcecode.c.objc; name = OtherSettingsViewController.m; path = Controller/OtherSettingsViewController.m; sourceTree = "<group>"; };
		E0E6902118B0FF180024E0FB /* NotificationAdapter.h */ = {isa = PBXFileReference; fileEncoding = 4; lastKnownFileType = sourcecode.c.h; name = NotificationAdapter.h; path = Model/NotificationAdapter.h; sourceTree = "<group>"; };
		E0E6902218B0FF180024E0FB /* NotificationAdapter.m */ = {isa = PBXFileReference; fileEncoding = 4; lastKnownFileType = sourcecode.c.objc; name = NotificationAdapter.m; path = Model/NotificationAdapter.m; sourceTree = "<group>"; };
		E0F8B70A18855CB9000E1BC8 /* FitnessActivityLog.png */ = {isa = PBXFileReference; lastKnownFileType = image.png; path = FitnessActivityLog.png; sourceTree = "<group>"; };
		E0F8B70B18855CB9000E1BC8 /* FitnessActivityLog@2x.png */ = {isa = PBXFileReference; lastKnownFileType = image.png; path = "FitnessActivityLog@2x.png"; sourceTree = "<group>"; };
		E0F8B7111885611F000E1BC8 /* FoodTracker.png */ = {isa = PBXFileReference; lastKnownFileType = image.png; path = FoodTracker.png; sourceTree = "<group>"; };
		E0F8B7121885611F000E1BC8 /* FoodTracker@2x.png */ = {isa = PBXFileReference; lastKnownFileType = image.png; path = "FoodTracker@2x.png"; sourceTree = "<group>"; };
		E0F8B7131885611F000E1BC8 /* map.png */ = {isa = PBXFileReference; lastKnownFileType = image.png; path = map.png; sourceTree = "<group>"; };
		E0F8B7141885611F000E1BC8 /* map@2x.png */ = {isa = PBXFileReference; lastKnownFileType = image.png; path = "map@2x.png"; sourceTree = "<group>"; };
		E0F8B7151885611F000E1BC8 /* Profile.png */ = {isa = PBXFileReference; lastKnownFileType = image.png; path = Profile.png; sourceTree = "<group>"; };
		E0F8B7161885611F000E1BC8 /* Profile@2x.png */ = {isa = PBXFileReference; lastKnownFileType = image.png; path = "Profile@2x.png"; sourceTree = "<group>"; };
		E0F8B7171885611F000E1BC8 /* Summary.png */ = {isa = PBXFileReference; lastKnownFileType = image.png; path = Summary.png; sourceTree = "<group>"; };
		E0F8B7181885611F000E1BC8 /* Summary@2x.png */ = {isa = PBXFileReference; lastKnownFileType = image.png; path = "Summary@2x.png"; sourceTree = "<group>"; };
/* End PBXFileReference section */

/* Begin PBXFrameworksBuildPhase section */
		E04C6A8818849986005E90B2 /* Frameworks */ = {
			isa = PBXFrameworksBuildPhase;
			buildActionMask = 2147483647;
			files = (
				E069C65F18D79AA70006F730 /* CoreLocation.framework in Frameworks */,
				E03AB6B718A7C8BD00EA6BCE /* CoreData.framework in Frameworks */,
				E0CFF07B1885E817003A4D47 /* MapKit.framework in Frameworks */,
				E04C6A9118849986005E90B2 /* CoreGraphics.framework in Frameworks */,
				E04C6A9318849986005E90B2 /* UIKit.framework in Frameworks */,
				E04C6A8F18849986005E90B2 /* Foundation.framework in Frameworks */,
			);
			runOnlyForDeploymentPostprocessing = 0;
		};
		E04C6AA918849986005E90B2 /* Frameworks */ = {
			isa = PBXFrameworksBuildPhase;
			buildActionMask = 2147483647;
			files = (
				E04C6AAE18849986005E90B2 /* XCTest.framework in Frameworks */,
				E04C6AB018849986005E90B2 /* UIKit.framework in Frameworks */,
				E04C6AAF18849986005E90B2 /* Foundation.framework in Frameworks */,
			);
			runOnlyForDeploymentPostprocessing = 0;
		};
/* End PBXFrameworksBuildPhase section */

/* Begin PBXGroup section */
		3AA4FA7918DDD1C000E21BFB /* RunModel */ = {
			isa = PBXGroup;
			children = (
				3AA4FA7A18DDD1EE00E21BFB /* RunDescription.h */,
				3AA4FA7B18DDD1EE00E21BFB /* RunDescription.m */,
			);
			name = RunModel;
			sourceTree = "<group>";
		};
		E03AB6AC18A7890600EA6BCE /* View */ = {
			isa = PBXGroup;
			children = (
				E03AB6AD18A7894700EA6BCE /* RoundedSummaryView.h */,
				E03AB6AE18A7894700EA6BCE /* RoundedSummaryView.m */,
				E03AB6B018A7896500EA6BCE /* CircleSummaryView.h */,
				E03AB6B118A7896500EA6BCE /* CircleSummaryView.m */,
			);
			name = View;
			sourceTree = "<group>";
		};
		E04C6A8218849986005E90B2 = {
			isa = PBXGroup;
			children = (
				E04C6A9418849986005E90B2 /* HealthTracker */,
				E04C6AB318849986005E90B2 /* HealthTrackerTests */,
				E04C6A8D18849986005E90B2 /* Frameworks */,
				E04C6A8C18849986005E90B2 /* Products */,
			);
			sourceTree = "<group>";
		};
		E04C6A8C18849986005E90B2 /* Products */ = {
			isa = PBXGroup;
			children = (
				E04C6A8B18849986005E90B2 /* HealthTracker.app */,
				E04C6AAC18849986005E90B2 /* HealthTrackerTests.xctest */,
			);
			name = Products;
			sourceTree = "<group>";
		};
		E04C6A8D18849986005E90B2 /* Frameworks */ = {
			isa = PBXGroup;
			children = (
				E069C65E18D79AA70006F730 /* CoreLocation.framework */,
				E03AB6B618A7C8BD00EA6BCE /* CoreData.framework */,
				E0CFF07A1885E817003A4D47 /* MapKit.framework */,
				E04C6A8E18849986005E90B2 /* Foundation.framework */,
				E04C6A9018849986005E90B2 /* CoreGraphics.framework */,
				E04C6A9218849986005E90B2 /* UIKit.framework */,
				E04C6AAD18849986005E90B2 /* XCTest.framework */,
			);
			name = Frameworks;
			sourceTree = "<group>";
		};
		E04C6A9418849986005E90B2 /* HealthTracker */ = {
			isa = PBXGroup;
			children = (
				E06BFC13189E57C600A17F1C /* Model */,
				E03AB6AC18A7890600EA6BCE /* View */,
				E0ACB80F18945E7400328604 /* Controller */,
				E04C6A9D18849986005E90B2 /* HealthTrackerAppDelegate.h */,
				E04C6A9E18849986005E90B2 /* HealthTrackerAppDelegate.m */,
				E04C6AA018849986005E90B2 /* Main.storyboard */,
				E04C6AA618849986005E90B2 /* Images.xcassets */,
				E04C6A9518849986005E90B2 /* Supporting Files */,
			);
			path = HealthTracker;
			sourceTree = "<group>";
		};
		E04C6A9518849986005E90B2 /* Supporting Files */ = {
			isa = PBXGroup;
			children = (
				E0A141A11886DC38006F73EA /* ButtonFruit.png */,
				E0423C2618AFBF0000747C21 /* button.png */,
				E0800FE818982B160022F539 /* AppSummary.png */,
				E0423C2218AFB86E00747C21 /* progress.png */,
				E0800FE918982B160022F539 /* AppSummary@2.png */,
				E0A141A21886DC38006F73EA /* ButtonProtein.png */,
				E0A141A31886DC38006F73EA /* ButtonStarch.png */,
				E0A141A41886DC38006F73EA /* ButtonVage.png */,
				E0A1419F1886C2DA006F73EA /* ButtonSugarsFat.png */,
				E04C6AD21884A0AF005E90B2 /* BMI.png */,
				E0F8B7111885611F000E1BC8 /* FoodTracker.png */,
				E0F8B7121885611F000E1BC8 /* FoodTracker@2x.png */,
				E0F8B7131885611F000E1BC8 /* map.png */,
				E0F8B7141885611F000E1BC8 /* map@2x.png */,
				E0F8B7151885611F000E1BC8 /* Profile.png */,
				E0F8B7161885611F000E1BC8 /* Profile@2x.png */,
				E0F8B7171885611F000E1BC8 /* Summary.png */,
				E0F8B7181885611F000E1BC8 /* Summary@2x.png */,
				E0F8B70A18855CB9000E1BC8 /* FitnessActivityLog.png */,
				E0F8B70B18855CB9000E1BC8 /* FitnessActivityLog@2x.png */,
				E04C6AD31884A0AF005E90B2 /* BMI@2x.png */,
				E04C6A9618849986005E90B2 /* HealthTracker-Info.plist */,
				E04C6A9718849986005E90B2 /* InfoPlist.strings */,
				E04C6A9A18849986005E90B2 /* main.m */,
				E04C6A9C18849986005E90B2 /* HealthTracker-Prefix.pch */,
			);
			name = "Supporting Files";
			sourceTree = "<group>";
		};
		E04C6AB318849986005E90B2 /* HealthTrackerTests */ = {
			isa = PBXGroup;
			children = (
				E04C6AB918849986005E90B2 /* HealthTrackerTests.m */,
				E04C6AB418849986005E90B2 /* Supporting Files */,
			);
			path = HealthTrackerTests;
			sourceTree = "<group>";
		};
		E04C6AB418849986005E90B2 /* Supporting Files */ = {
			isa = PBXGroup;
			children = (
				E04C6AB518849986005E90B2 /* HealthTrackerTests-Info.plist */,
				E04C6AB618849986005E90B2 /* InfoPlist.strings */,
			);
			name = "Supporting Files";
			sourceTree = "<group>";
		};
		E06BFC12189E57BD00A17F1C /* UserModel */ = {
			isa = PBXGroup;
			children = (
				E06BFC22189E596D00A17F1C /* UserDescription.h */,
				E06BFC23189E596D00A17F1C /* UserDescription.m */,
			);
			name = UserModel;
			sourceTree = "<group>";
		};
		E06BFC13189E57C600A17F1C /* Model */ = {
			isa = PBXGroup;
			children = (
				E06BFC26189E835100A17F1C /* HealthTracker.h */,
				E06BFC27189E835100A17F1C /* HealthTracker.m */,
				E06BFC12189E57BD00A17F1C /* UserModel */,
				E0ACB807189449BD00328604 /* FoodModel */,
				3AA4FA7918DDD1C000E21BFB /* RunModel */,
				E0C9B09118B8C77400FA5475 /* Core Data */,
				E0E6902118B0FF180024E0FB /* NotificationAdapter.h */,
				E0E6902218B0FF180024E0FB /* NotificationAdapter.m */,
			);
			name = Model;
			sourceTree = "<group>";
		};
		E0ACB8041894386200328604 /* FoodData */ = {
			isa = PBXGroup;
			children = (
				E0454A721893FD4A00D22C6A /* SugarAndFats.plist */,
				E0ACB802189436C600328604 /* DairyAndMeat.plist */,
				E0ACB805189444A700328604 /* Vegetable.plist */,
				E0ACB8101894680E00328604 /* Fruit.plist */,
				E0ACB81218946BB100328604 /* Starch.plist */,
			);
			name = FoodData;
			sourceTree = "<group>";
		};
		E0ACB807189449BD00328604 /* FoodModel */ = {
			isa = PBXGroup;
			children = (
				E0ACB8041894386200328604 /* FoodData */,
				E0ACB808189449FE00328604 /* FoodDescription.h */,
				E0ACB809189449FE00328604 /* FoodDescription.m */,
				E0ACB80B18944A6000328604 /* FoodDataStore.h */,
				E0ACB80C18944A6000328604 /* FoodDataStore.m */,
			);
			name = FoodModel;
			sourceTree = "<group>";
		};
		E0ACB80F18945E7400328604 /* Controller */ = {
			isa = PBXGroup;
			children = (
				E07CF31618A693D600D04D23 /* IntroViewController.h */,
				E07CF31718A693D600D04D23 /* IntroViewController.m */,
				E06BFC2F189EA67B00A17F1C /* SetupViewController.h */,
				E06BFC30189EA67B00A17F1C /* SetupViewController.m */,
				E06BFC50189ECDDA00A17F1C /* AdditionalSetupViewController.h */,
				E06BFC51189ECDDA00A17F1C /* AdditionalSetupViewController.m */,
				E06BFC3A189EA69200A17F1C /* MapViewController.h */,
				E06BFC32189EA69200A17F1C /* MapViewController.m */,
				E06BFC33189EA69200A17F1C /* FoodTrackerViewController.h */,
				E06BFC34189EA69200A17F1C /* FoodTrackerViewController.m */,
				E06BFC37189EA69200A17F1C /* FoodSelectionViewController.h */,
				E06BFC36189EA69200A17F1C /* FoodSelectionViewController.m */,
				E06BFC38189EA69200A17F1C /* FoodDetailViewController.h */,
				E06BFC35189EA69200A17F1C /* FoodDetailViewController.m */,
				E06BFC3B189EA69200A17F1C /* SummaryViewController.h */,
				E06BFC39189EA69200A17F1C /* SummaryViewController.m */,
				E06BFC3E189EA69200A17F1C /* FitnessActivityLogViewController.h */,
				E06BFC3F189EA69200A17F1C /* FitnessActivityLogViewController.m */,
				E06BFC41189EA69200A17F1C /* BMIViewController.h */,
				E06BFC40189EA69200A17F1C /* BMIViewController.m */,
				E036342818B01BEB00D3878A /* BMIAddWeightViewController.h */,
				E036342918B01BEB00D3878A /* BMIAddWeightViewController.m */,
				E06BFC42189EA69200A17F1C /* HealthTrackerViewController.h */,
				E06BFC43189EA69200A17F1C /* HealthTrackerViewController.m */,
				E06BFC4D189ECA4100A17F1C /* HealthTrackerTabBarController.h */,
				E06BFC4E189ECA4100A17F1C /* HealthTrackerTabBarController.m */,
				E03AB6B318A7AC2100EA6BCE /* FoodHistoryViewController.h */,
				E03AB6B418A7AC2100EA6BCE /* FoodHistoryViewController.m */,
				3AA4FA8618DDF26800E21BFB /* RunHistoryViewController.h */,
				3AA4FA8718DDF26800E21BFB /* RunHistoryViewController.m */,
				E0E6901318B0FD390024E0FB /* Profile */,
			);
			name = Controller;
			sourceTree = "<group>";
		};
		E0C9B09118B8C77400FA5475 /* Core Data */ = {
			isa = PBXGroup;
			children = (
				3AA4FA7D18DDDD4D00E21BFB /* Food.h */,
				3AA4FA8318DDDD4E00E21BFB /* Run.h */,
				3AA4FA8418DDDD4E00E21BFB /* Run.m */,
				3AA4FA8018DDDD4E00E21BFB /* User.h */,
				3AA4FA8118DDDD4E00E21BFB /* User.m */,
				3AA4FA7E18DDDD4D00E21BFB /* Food.m */,
				E03AB6B818A7C8FF00EA6BCE /* HealthTrackerDatabaseModel.xcdatamodeld */,
			);
			name = "Core Data";
			sourceTree = "<group>";
		};
		E0E6901318B0FD390024E0FB /* Profile */ = {
			isa = PBXGroup;
			children = (
				E06BFC3C189EA69200A17F1C /* ProfileViewController.h */,
				E06BFC3D189EA69200A17F1C /* ProfileViewController.m */,
				E0E6901718B0FDD70024E0FB /* UserSettingsViewController.h */,
				E0E6901818B0FDD70024E0FB /* UserSettingsViewController.m */,
				E0E6901A18B0FE120024E0FB /* NotificationsViewController.h */,
				E0E6901B18B0FE120024E0FB /* NotificationsViewController.m */,
				E0E6901D18B0FE2A0024E0FB /* OtherSettingsViewController.h */,
				E0E6901E18B0FE2A0024E0FB /* OtherSettingsViewController.m */,
			);
			name = Profile;
			sourceTree = "<group>";
		};
/* End PBXGroup section */

/* Begin PBXNativeTarget section */
		E04C6A8A18849986005E90B2 /* HealthTracker */ = {
			isa = PBXNativeTarget;
			buildConfigurationList = E04C6ABD18849986005E90B2 /* Build configuration list for PBXNativeTarget "HealthTracker" */;
			buildPhases = (
				E04C6A8718849986005E90B2 /* Sources */,
				E04C6A8818849986005E90B2 /* Frameworks */,
				E04C6A8918849986005E90B2 /* Resources */,
			);
			buildRules = (
			);
			dependencies = (
			);
			name = HealthTracker;
			productName = HealthTracker;
			productReference = E04C6A8B18849986005E90B2 /* HealthTracker.app */;
			productType = "com.apple.product-type.application";
		};
		E04C6AAB18849986005E90B2 /* HealthTrackerTests */ = {
			isa = PBXNativeTarget;
			buildConfigurationList = E04C6AC018849986005E90B2 /* Build configuration list for PBXNativeTarget "HealthTrackerTests" */;
			buildPhases = (
				E04C6AA818849986005E90B2 /* Sources */,
				E04C6AA918849986005E90B2 /* Frameworks */,
				E04C6AAA18849986005E90B2 /* Resources */,
			);
			buildRules = (
			);
			dependencies = (
				E04C6AB218849986005E90B2 /* PBXTargetDependency */,
			);
			name = HealthTrackerTests;
			productName = HealthTrackerTests;
			productReference = E04C6AAC18849986005E90B2 /* HealthTrackerTests.xctest */;
			productType = "com.apple.product-type.bundle.unit-test";
		};
/* End PBXNativeTarget section */

/* Begin PBXProject section */
		E04C6A8318849986005E90B2 /* Project object */ = {
			isa = PBXProject;
			attributes = {
				CLASSPREFIX = HealthTracker;
				LastUpgradeCheck = 0500;
				ORGANIZATIONNAME = Gabi;
				TargetAttributes = {
					E04C6A8A18849986005E90B2 = {
						DevelopmentTeam = 2E5XL3YJX2;
					};
					E04C6AAB18849986005E90B2 = {
						TestTargetID = E04C6A8A18849986005E90B2;
					};
				};
			};
			buildConfigurationList = E04C6A8618849986005E90B2 /* Build configuration list for PBXProject "HealthTracker" */;
			compatibilityVersion = "Xcode 3.2";
			developmentRegion = English;
			hasScannedForEncodings = 0;
			knownRegions = (
				en,
				Base,
			);
			mainGroup = E04C6A8218849986005E90B2;
			productRefGroup = E04C6A8C18849986005E90B2 /* Products */;
			projectDirPath = "";
			projectRoot = "";
			targets = (
				E04C6A8A18849986005E90B2 /* HealthTracker */,
				E04C6AAB18849986005E90B2 /* HealthTrackerTests */,
			);
		};
/* End PBXProject section */

/* Begin PBXResourcesBuildPhase section */
		E04C6A8918849986005E90B2 /* Resources */ = {
			isa = PBXResourcesBuildPhase;
			buildActionMask = 2147483647;
			files = (
				E0ACB81318946BB100328604 /* Starch.plist in Resources */,
				E04C6AA718849986005E90B2 /* Images.xcassets in Resources */,
				E04C6A9918849986005E90B2 /* InfoPlist.strings in Resources */,
				E0A141A01886C2DA006F73EA /* ButtonSugarsFat.png in Resources */,
				E0F8B71F1885611F000E1BC8 /* Summary.png in Resources */,
				E0F8B7201885611F000E1BC8 /* Summary@2x.png in Resources */,
				E0F8B71E1885611F000E1BC8 /* Profile@2x.png in Resources */,
				E04C6AD51884A0AF005E90B2 /* BMI@2x.png in Resources */,
				E04C6AD41884A0AF005E90B2 /* BMI.png in Resources */,
				E0A141A81886DC38006F73EA /* ButtonVage.png in Resources */,
				E0423C2718AFBF0000747C21 /* button.png in Resources */,
				E0F8B71B1885611F000E1BC8 /* map.png in Resources */,
				E0800FEB18982B160022F539 /* AppSummary@2.png in Resources */,
				E0423C2318AFB86E00747C21 /* progress.png in Resources */,
				E0F8B70C18855CB9000E1BC8 /* FitnessActivityLog.png in Resources */,
				E0A141A51886DC38006F73EA /* ButtonFruit.png in Resources */,
				E0A141A71886DC38006F73EA /* ButtonStarch.png in Resources */,
				E0F8B70D18855CB9000E1BC8 /* FitnessActivityLog@2x.png in Resources */,
				E0F8B71D1885611F000E1BC8 /* Profile.png in Resources */,
				E0800FEA18982B160022F539 /* AppSummary.png in Resources */,
				E0ACB8111894680E00328604 /* Fruit.plist in Resources */,
				E0F8B7191885611F000E1BC8 /* FoodTracker.png in Resources */,
				E0F8B71A1885611F000E1BC8 /* FoodTracker@2x.png in Resources */,
				E0F8B71C1885611F000E1BC8 /* map@2x.png in Resources */,
				E04C6AA218849986005E90B2 /* Main.storyboard in Resources */,
				E0ACB803189436C600328604 /* DairyAndMeat.plist in Resources */,
				E0ACB806189444A700328604 /* Vegetable.plist in Resources */,
				E0A141A61886DC38006F73EA /* ButtonProtein.png in Resources */,
				E0454A731893FD4A00D22C6A /* SugarAndFats.plist in Resources */,
			);
			runOnlyForDeploymentPostprocessing = 0;
		};
		E04C6AAA18849986005E90B2 /* Resources */ = {
			isa = PBXResourcesBuildPhase;
			buildActionMask = 2147483647;
			files = (
				E04C6AB818849986005E90B2 /* InfoPlist.strings in Resources */,
			);
			runOnlyForDeploymentPostprocessing = 0;
		};
/* End PBXResourcesBuildPhase section */

/* Begin PBXSourcesBuildPhase section */
		E04C6A8718849986005E90B2 /* Sources */ = {
			isa = PBXSourcesBuildPhase;
			buildActionMask = 2147483647;
			files = (
				E06BFC25189E596D00A17F1C /* UserDescription.m in Sources */,
				E04C6A9B18849986005E90B2 /* main.m in Sources */,
				3AA4FA7F18DDDD4D00E21BFB /* Food.m in Sources */,
				E0ACB80A189449FE00328604 /* FoodDescription.m in Sources */,
				E06BFC4A189EA69200A17F1C /* FitnessActivityLogViewController.m in Sources */,
				E06BFC47189EA69200A17F1C /* FoodSelectionViewController.m in Sources */,
				E06BFC49189EA69200A17F1C /* ProfileViewController.m in Sources */,
				E036342A18B01BEB00D3878A /* BMIAddWeightViewController.m in Sources */,
				E03AB6BA18A7C8FF00EA6BCE /* HealthTrackerDatabaseModel.xcdatamodeld in Sources */,
				E06BFC4B189EA69200A17F1C /* BMIViewController.m in Sources */,
				E06BFC28189E835100A17F1C /* HealthTracker.m in Sources */,
				3AA4FA8818DDF26800E21BFB /* RunHistoryViewController.m in Sources */,
				3AA4FA8218DDDD4E00E21BFB /* User.m in Sources */,
				E06BFC45189EA69200A17F1C /* FoodTrackerViewController.m in Sources */,
				E06BFC52189ECDDA00A17F1C /* AdditionalSetupViewController.m in Sources */,
				E0E6901918B0FDD70024E0FB /* UserSettingsViewController.m in Sources */,
				E03AB6B218A7896500EA6BCE /* CircleSummaryView.m in Sources */,
				E06BFC46189EA69200A17F1C /* FoodDetailViewController.m in Sources */,
				E0E6901C18B0FE120024E0FB /* NotificationsViewController.m in Sources */,
				E07CF31818A693D600D04D23 /* IntroViewController.m in Sources */,
				E03AB6B518A7AC2100EA6BCE /* FoodHistoryViewController.m in Sources */,
				E06BFC4F189ECA4100A17F1C /* HealthTrackerTabBarController.m in Sources */,
				3AA4FA8518DDDD4E00E21BFB /* Run.m in Sources */,
				E0ACB80D18944A6000328604 /* FoodDataStore.m in Sources */,
				E0E6902318B0FF180024E0FB /* NotificationAdapter.m in Sources */,
				E0E6901F18B0FE2A0024E0FB /* OtherSettingsViewController.m in Sources */,
				E06BFC4C189EA69200A17F1C /* HealthTrackerViewController.m in Sources */,
				3AA4FA7C18DDD1EE00E21BFB /* RunDescription.m in Sources */,
				E06BFC44189EA69200A17F1C /* MapViewController.m in Sources */,
				E04C6A9F18849986005E90B2 /* HealthTrackerAppDelegate.m in Sources */,
				E03AB6AF18A7894700EA6BCE /* RoundedSummaryView.m in Sources */,
				E06BFC31189EA67B00A17F1C /* SetupViewController.m in Sources */,
				E06BFC48189EA69200A17F1C /* SummaryViewController.m in Sources */,
			);
			runOnlyForDeploymentPostprocessing = 0;
		};
		E04C6AA818849986005E90B2 /* Sources */ = {
			isa = PBXSourcesBuildPhase;
			buildActionMask = 2147483647;
			files = (
				E04C6ABA18849986005E90B2 /* HealthTrackerTests.m in Sources */,
			);
			runOnlyForDeploymentPostprocessing = 0;
		};
/* End PBXSourcesBuildPhase section */

/* Begin PBXTargetDependency section */
		E04C6AB218849986005E90B2 /* PBXTargetDependency */ = {
			isa = PBXTargetDependency;
			target = E04C6A8A18849986005E90B2 /* HealthTracker */;
			targetProxy = E04C6AB118849986005E90B2 /* PBXContainerItemProxy */;
		};
/* End PBXTargetDependency section */

/* Begin PBXVariantGroup section */
		E04C6A9718849986005E90B2 /* InfoPlist.strings */ = {
			isa = PBXVariantGroup;
			children = (
				E04C6A9818849986005E90B2 /* en */,
			);
			name = InfoPlist.strings;
			sourceTree = "<group>";
		};
		E04C6AA018849986005E90B2 /* Main.storyboard */ = {
			isa = PBXVariantGroup;
			children = (
				E04C6AA118849986005E90B2 /* Base */,
			);
			name = Main.storyboard;
			sourceTree = "<group>";
		};
		E04C6AB618849986005E90B2 /* InfoPlist.strings */ = {
			isa = PBXVariantGroup;
			children = (
				E04C6AB718849986005E90B2 /* en */,
			);
			name = InfoPlist.strings;
			sourceTree = "<group>";
		};
/* End PBXVariantGroup section */

/* Begin XCBuildConfiguration section */
		E04C6ABB18849986005E90B2 /* Debug */ = {
			isa = XCBuildConfiguration;
			buildSettings = {
				ALWAYS_SEARCH_USER_PATHS = NO;
				ARCHS = "$(ARCHS_STANDARD_INCLUDING_64_BIT)";
				CLANG_CXX_LANGUAGE_STANDARD = "gnu++0x";
				CLANG_CXX_LIBRARY = "libc++";
				CLANG_ENABLE_MODULES = YES;
				CLANG_ENABLE_OBJC_ARC = YES;
				CLANG_WARN_BOOL_CONVERSION = YES;
				CLANG_WARN_CONSTANT_CONVERSION = YES;
				CLANG_WARN_DIRECT_OBJC_ISA_USAGE = YES_ERROR;
				CLANG_WARN_EMPTY_BODY = YES;
				CLANG_WARN_ENUM_CONVERSION = YES;
				CLANG_WARN_INT_CONVERSION = YES;
				CLANG_WARN_OBJC_ROOT_CLASS = YES_ERROR;
				CLANG_WARN__DUPLICATE_METHOD_MATCH = YES;
				"CODE_SIGN_IDENTITY[sdk=iphoneos*]" = "iPhone Developer";
				COPY_PHASE_STRIP = NO;
				GCC_C_LANGUAGE_STANDARD = gnu99;
				GCC_DYNAMIC_NO_PIC = NO;
				GCC_OPTIMIZATION_LEVEL = 0;
				GCC_PREPROCESSOR_DEFINITIONS = (
					"DEBUG=1",
					"$(inherited)",
				);
				GCC_SYMBOLS_PRIVATE_EXTERN = NO;
				GCC_WARN_64_TO_32_BIT_CONVERSION = YES;
				GCC_WARN_ABOUT_RETURN_TYPE = YES_ERROR;
				GCC_WARN_UNDECLARED_SELECTOR = YES;
				GCC_WARN_UNINITIALIZED_AUTOS = YES;
				GCC_WARN_UNUSED_FUNCTION = YES;
				GCC_WARN_UNUSED_VARIABLE = YES;
				IPHONEOS_DEPLOYMENT_TARGET = 7.0;
				ONLY_ACTIVE_ARCH = YES;
				SDKROOT = iphoneos;
			};
			name = Debug;
		};
		E04C6ABC18849986005E90B2 /* Release */ = {
			isa = XCBuildConfiguration;
			buildSettings = {
				ALWAYS_SEARCH_USER_PATHS = NO;
				ARCHS = "$(ARCHS_STANDARD_INCLUDING_64_BIT)";
				CLANG_CXX_LANGUAGE_STANDARD = "gnu++0x";
				CLANG_CXX_LIBRARY = "libc++";
				CLANG_ENABLE_MODULES = YES;
				CLANG_ENABLE_OBJC_ARC = YES;
				CLANG_WARN_BOOL_CONVERSION = YES;
				CLANG_WARN_CONSTANT_CONVERSION = YES;
				CLANG_WARN_DIRECT_OBJC_ISA_USAGE = YES_ERROR;
				CLANG_WARN_EMPTY_BODY = YES;
				CLANG_WARN_ENUM_CONVERSION = YES;
				CLANG_WARN_INT_CONVERSION = YES;
				CLANG_WARN_OBJC_ROOT_CLASS = YES_ERROR;
				CLANG_WARN__DUPLICATE_METHOD_MATCH = YES;
				"CODE_SIGN_IDENTITY[sdk=iphoneos*]" = "iPhone Developer";
				COPY_PHASE_STRIP = YES;
				ENABLE_NS_ASSERTIONS = NO;
				GCC_C_LANGUAGE_STANDARD = gnu99;
				GCC_WARN_64_TO_32_BIT_CONVERSION = YES;
				GCC_WARN_ABOUT_RETURN_TYPE = YES_ERROR;
				GCC_WARN_UNDECLARED_SELECTOR = YES;
				GCC_WARN_UNINITIALIZED_AUTOS = YES;
				GCC_WARN_UNUSED_FUNCTION = YES;
				GCC_WARN_UNUSED_VARIABLE = YES;
				IPHONEOS_DEPLOYMENT_TARGET = 7.0;
				SDKROOT = iphoneos;
				VALIDATE_PRODUCT = YES;
			};
			name = Release;
		};
		E04C6ABE18849986005E90B2 /* Debug */ = {
			isa = XCBuildConfiguration;
			buildSettings = {
				ASSETCATALOG_COMPILER_APPICON_NAME = AppIcon;
				ASSETCATALOG_COMPILER_LAUNCHIMAGE_NAME = LaunchImage;
				CODE_SIGN_IDENTITY = "iPhone Developer";
				GCC_PRECOMPILE_PREFIX_HEADER = YES;
				GCC_PREFIX_HEADER = "HealthTracker/HealthTracker-Prefix.pch";
				INFOPLIST_FILE = "HealthTracker/HealthTracker-Info.plist";
				PRODUCT_NAME = "$(TARGET_NAME)";
				WRAPPER_EXTENSION = app;
			};
			name = Debug;
		};
		E04C6ABF18849986005E90B2 /* Release */ = {
			isa = XCBuildConfiguration;
			buildSettings = {
				ASSETCATALOG_COMPILER_APPICON_NAME = AppIcon;
				ASSETCATALOG_COMPILER_LAUNCHIMAGE_NAME = LaunchImage;
				CODE_SIGN_IDENTITY = "iPhone Developer";
				GCC_PRECOMPILE_PREFIX_HEADER = YES;
				GCC_PREFIX_HEADER = "HealthTracker/HealthTracker-Prefix.pch";
				INFOPLIST_FILE = "HealthTracker/HealthTracker-Info.plist";
				PRODUCT_NAME = "$(TARGET_NAME)";
				WRAPPER_EXTENSION = app;
			};
			name = Release;
		};
		E04C6AC118849986005E90B2 /* Debug */ = {
			isa = XCBuildConfiguration;
			buildSettings = {
				ARCHS = "$(ARCHS_STANDARD_INCLUDING_64_BIT)";
				BUNDLE_LOADER = "$(BUILT_PRODUCTS_DIR)/HealthTracker.app/HealthTracker";
				FRAMEWORK_SEARCH_PATHS = (
					"$(SDKROOT)/Developer/Library/Frameworks",
					"$(inherited)",
					"$(DEVELOPER_FRAMEWORKS_DIR)",
				);
				GCC_PRECOMPILE_PREFIX_HEADER = YES;
				GCC_PREFIX_HEADER = "HealthTracker/HealthTracker-Prefix.pch";
				GCC_PREPROCESSOR_DEFINITIONS = (
					"DEBUG=1",
					"$(inherited)",
				);
				INFOPLIST_FILE = "HealthTrackerTests/HealthTrackerTests-Info.plist";
				PRODUCT_NAME = "$(TARGET_NAME)";
				TEST_HOST = "$(BUNDLE_LOADER)";
				WRAPPER_EXTENSION = xctest;
			};
			name = Debug;
		};
		E04C6AC218849986005E90B2 /* Release */ = {
			isa = XCBuildConfiguration;
			buildSettings = {
				ARCHS = "$(ARCHS_STANDARD_INCLUDING_64_BIT)";
				BUNDLE_LOADER = "$(BUILT_PRODUCTS_DIR)/HealthTracker.app/HealthTracker";
				FRAMEWORK_SEARCH_PATHS = (
					"$(SDKROOT)/Developer/Library/Frameworks",
					"$(inherited)",
					"$(DEVELOPER_FRAMEWORKS_DIR)",
				);
				GCC_PRECOMPILE_PREFIX_HEADER = YES;
				GCC_PREFIX_HEADER = "HealthTracker/HealthTracker-Prefix.pch";
				INFOPLIST_FILE = "HealthTrackerTests/HealthTrackerTests-Info.plist";
				PRODUCT_NAME = "$(TARGET_NAME)";
				TEST_HOST = "$(BUNDLE_LOADER)";
				WRAPPER_EXTENSION = xctest;
			};
			name = Release;
		};
/* End XCBuildConfiguration section */

/* Begin XCConfigurationList section */
		E04C6A8618849986005E90B2 /* Build configuration list for PBXProject "HealthTracker" */ = {
			isa = XCConfigurationList;
			buildConfigurations = (
				E04C6ABB18849986005E90B2 /* Debug */,
				E04C6ABC18849986005E90B2 /* Release */,
			);
			defaultConfigurationIsVisible = 0;
			defaultConfigurationName = Release;
		};
		E04C6ABD18849986005E90B2 /* Build configuration list for PBXNativeTarget "HealthTracker" */ = {
			isa = XCConfigurationList;
			buildConfigurations = (
				E04C6ABE18849986005E90B2 /* Debug */,
				E04C6ABF18849986005E90B2 /* Release */,
			);
			defaultConfigurationIsVisible = 0;
			defaultConfigurationName = Release;
		};
		E04C6AC018849986005E90B2 /* Build configuration list for PBXNativeTarget "HealthTrackerTests" */ = {
			isa = XCConfigurationList;
			buildConfigurations = (
				E04C6AC118849986005E90B2 /* Debug */,
				E04C6AC218849986005E90B2 /* Release */,
			);
			defaultConfigurationIsVisible = 0;
			defaultConfigurationName = Release;
		};
/* End XCConfigurationList section */

/* Begin XCVersionGroup section */
		E03AB6B818A7C8FF00EA6BCE /* HealthTrackerDatabaseModel.xcdatamodeld */ = {
			isa = XCVersionGroup;
			children = (
				E03AB6B918A7C8FF00EA6BCE /* HealthTrackerDatabaseModel.xcdatamodel */,
			);
			currentVersion = E03AB6B918A7C8FF00EA6BCE /* HealthTrackerDatabaseModel.xcdatamodel */;
			name = HealthTrackerDatabaseModel.xcdatamodeld;
			path = Model/CoreData/HealthTrackerDatabaseModel.xcdatamodeld;
			sourceTree = "<group>";
			versionGroupType = wrapper.xcdatamodel;
		};
/* End XCVersionGroup section */
	};
	rootObject = E04C6A8318849986005E90B2 /* Project object */;
}
