// !$*UTF8*$!
{
	archiveVersion = 1;
	classes = {
	};
	objectVersion = 46;
	objects = {

/* Begin PBXBuildFile section */
		E0454A711893EEEC00D22C6A /* FoodSelectionViewController.m in Sources */ = {isa = PBXBuildFile; fileRef = E0454A701893EEEC00D22C6A /* FoodSelectionViewController.m */; };
		E0454A731893FD4A00D22C6A /* SugarAndFats.plist in Resources */ = {isa = PBXBuildFile; fileRef = E0454A721893FD4A00D22C6A /* SugarAndFats.plist */; };
		E04C6A8F18849986005E90B2 /* Foundation.framework in Frameworks */ = {isa = PBXBuildFile; fileRef = E04C6A8E18849986005E90B2 /* Foundation.framework */; };
		E04C6A9118849986005E90B2 /* CoreGraphics.framework in Frameworks */ = {isa = PBXBuildFile; fileRef = E04C6A9018849986005E90B2 /* CoreGraphics.framework */; };
		E04C6A9318849986005E90B2 /* UIKit.framework in Frameworks */ = {isa = PBXBuildFile; fileRef = E04C6A9218849986005E90B2 /* UIKit.framework */; };
		E04C6A9918849986005E90B2 /* InfoPlist.strings in Resources */ = {isa = PBXBuildFile; fileRef = E04C6A9718849986005E90B2 /* InfoPlist.strings */; };
		E04C6A9B18849986005E90B2 /* main.m in Sources */ = {isa = PBXBuildFile; fileRef = E04C6A9A18849986005E90B2 /* main.m */; };
		E04C6A9F18849986005E90B2 /* HealthTrackerAppDelegate.m in Sources */ = {isa = PBXBuildFile; fileRef = E04C6A9E18849986005E90B2 /* HealthTrackerAppDelegate.m */; };
		E04C6AA218849986005E90B2 /* Main.storyboard in Resources */ = {isa = PBXBuildFile; fileRef = E04C6AA018849986005E90B2 /* Main.storyboard */; };
		E04C6AA518849986005E90B2 /* HealthTrackerViewController.m in Sources */ = {isa = PBXBuildFile; fileRef = E04C6AA418849986005E90B2 /* HealthTrackerViewController.m */; };
		E04C6AA718849986005E90B2 /* Images.xcassets in Resources */ = {isa = PBXBuildFile; fileRef = E04C6AA618849986005E90B2 /* Images.xcassets */; };
		E04C6AAE18849986005E90B2 /* XCTest.framework in Frameworks */ = {isa = PBXBuildFile; fileRef = E04C6AAD18849986005E90B2 /* XCTest.framework */; };
		E04C6AAF18849986005E90B2 /* Foundation.framework in Frameworks */ = {isa = PBXBuildFile; fileRef = E04C6A8E18849986005E90B2 /* Foundation.framework */; };
		E04C6AB018849986005E90B2 /* UIKit.framework in Frameworks */ = {isa = PBXBuildFile; fileRef = E04C6A9218849986005E90B2 /* UIKit.framework */; };
		E04C6AB818849986005E90B2 /* InfoPlist.strings in Resources */ = {isa = PBXBuildFile; fileRef = E04C6AB618849986005E90B2 /* InfoPlist.strings */; };
		E04C6ABA18849986005E90B2 /* HealthTrackerTests.m in Sources */ = {isa = PBXBuildFile; fileRef = E04C6AB918849986005E90B2 /* HealthTrackerTests.m */; };
		E04C6AC518849B5B005E90B2 /* SummaryViewController.m in Sources */ = {isa = PBXBuildFile; fileRef = E04C6AC418849B5B005E90B2 /* SummaryViewController.m */; };
		E04C6AC818849BCB005E90B2 /* FoodTrackerViewController.m in Sources */ = {isa = PBXBuildFile; fileRef = E04C6AC718849BCB005E90B2 /* FoodTrackerViewController.m */; };
		E04C6ACB18849C32005E90B2 /* BMIViewController.m in Sources */ = {isa = PBXBuildFile; fileRef = E04C6ACA18849C32005E90B2 /* BMIViewController.m */; };
		E04C6ACE18849C51005E90B2 /* FitnessActivityLogViewController.m in Sources */ = {isa = PBXBuildFile; fileRef = E04C6ACD18849C51005E90B2 /* FitnessActivityLogViewController.m */; };
		E04C6AD118849C72005E90B2 /* ProfileViewController.m in Sources */ = {isa = PBXBuildFile; fileRef = E04C6AD018849C72005E90B2 /* ProfileViewController.m */; };
		E04C6AD41884A0AF005E90B2 /* BMI.png in Resources */ = {isa = PBXBuildFile; fileRef = E04C6AD21884A0AF005E90B2 /* BMI.png */; };
		E04C6AD51884A0AF005E90B2 /* BMI@2x.png in Resources */ = {isa = PBXBuildFile; fileRef = E04C6AD31884A0AF005E90B2 /* BMI@2x.png */; };
		E0A141A01886C2DA006F73EA /* ButtonSugarsFat.png in Resources */ = {isa = PBXBuildFile; fileRef = E0A1419F1886C2DA006F73EA /* ButtonSugarsFat.png */; };
		E0A141A51886DC38006F73EA /* ButtonFruit.png in Resources */ = {isa = PBXBuildFile; fileRef = E0A141A11886DC38006F73EA /* ButtonFruit.png */; };
		E0A141A61886DC38006F73EA /* ButtonProtein.png in Resources */ = {isa = PBXBuildFile; fileRef = E0A141A21886DC38006F73EA /* ButtonProtein.png */; };
		E0A141A71886DC38006F73EA /* ButtonStarch.png in Resources */ = {isa = PBXBuildFile; fileRef = E0A141A31886DC38006F73EA /* ButtonStarch.png */; };
		E0A141A81886DC38006F73EA /* ButtonVage.png in Resources */ = {isa = PBXBuildFile; fileRef = E0A141A41886DC38006F73EA /* ButtonVage.png */; };
		E0ACB803189436C600328604 /* DairyAndMeat.plist in Resources */ = {isa = PBXBuildFile; fileRef = E0ACB802189436C600328604 /* DairyAndMeat.plist */; };
		E0ACB806189444A700328604 /* Vegetable.plist in Resources */ = {isa = PBXBuildFile; fileRef = E0ACB805189444A700328604 /* Vegetable.plist */; };
		E0ACB80A189449FE00328604 /* Food.m in Sources */ = {isa = PBXBuildFile; fileRef = E0ACB809189449FE00328604 /* Food.m */; };
		E0ACB80D18944A6000328604 /* FoodDataStore.m in Sources */ = {isa = PBXBuildFile; fileRef = E0ACB80C18944A6000328604 /* FoodDataStore.m */; };
		E0CFF07B1885E817003A4D47 /* MapKit.framework in Frameworks */ = {isa = PBXBuildFile; fileRef = E0CFF07A1885E817003A4D47 /* MapKit.framework */; };
		E0F8B70C18855CB9000E1BC8 /* FitnessActivityLog.png in Resources */ = {isa = PBXBuildFile; fileRef = E0F8B70A18855CB9000E1BC8 /* FitnessActivityLog.png */; };
		E0F8B70D18855CB9000E1BC8 /* FitnessActivityLog@2x.png in Resources */ = {isa = PBXBuildFile; fileRef = E0F8B70B18855CB9000E1BC8 /* FitnessActivityLog@2x.png */; };
		E0F8B71018855D32000E1BC8 /* MapViewController.m in Sources */ = {isa = PBXBuildFile; fileRef = E0F8B70F18855D32000E1BC8 /* MapViewController.m */; };
		E0F8B7191885611F000E1BC8 /* FoodTracker.png in Resources */ = {isa = PBXBuildFile; fileRef = E0F8B7111885611F000E1BC8 /* FoodTracker.png */; };
		E0F8B71A1885611F000E1BC8 /* FoodTracker@2x.png in Resources */ = {isa = PBXBuildFile; fileRef = E0F8B7121885611F000E1BC8 /* FoodTracker@2x.png */; };
		E0F8B71B1885611F000E1BC8 /* map.png in Resources */ = {isa = PBXBuildFile; fileRef = E0F8B7131885611F000E1BC8 /* map.png */; };
		E0F8B71C1885611F000E1BC8 /* map@2x.png in Resources */ = {isa = PBXBuildFile; fileRef = E0F8B7141885611F000E1BC8 /* map@2x.png */; };
		E0F8B71D1885611F000E1BC8 /* Profile.png in Resources */ = {isa = PBXBuildFile; fileRef = E0F8B7151885611F000E1BC8 /* Profile.png */; };
		E0F8B71E1885611F000E1BC8 /* Profile@2x.png in Resources */ = {isa = PBXBuildFile; fileRef = E0F8B7161885611F000E1BC8 /* Profile@2x.png */; };
		E0F8B71F1885611F000E1BC8 /* Summary.png in Resources */ = {isa = PBXBuildFile; fileRef = E0F8B7171885611F000E1BC8 /* Summary.png */; };
		E0F8B7201885611F000E1BC8 /* Summary@2x.png in Resources */ = {isa = PBXBuildFile; fileRef = E0F8B7181885611F000E1BC8 /* Summary@2x.png */; };
/* End PBXBuildFile section */

/* Begin PBXContainerItemProxy section */
		E04C6AB118849986005E90B2 /* PBXContainerItemProxy */ = {
			isa = PBXContainerItemProxy;
			containerPortal = E04C6A8318849986005E90B2 /* Project object */;
			proxyType = 1;
			remoteGlobalIDString = E04C6A8A18849986005E90B2;
			remoteInfo = HealthTracker;
		};
/* End PBXContainerItemProxy section */

/* Begin PBXFileReference section */
		E0454A6F1893EEEC00D22C6A /* FoodSelectionViewController.h */ = {isa = PBXFileReference; fileEncoding = 4; lastKnownFileType = sourcecode.c.h; path = FoodSelectionViewController.h; sourceTree = "<group>"; };
		E0454A701893EEEC00D22C6A /* FoodSelectionViewController.m */ = {isa = PBXFileReference; fileEncoding = 4; lastKnownFileType = sourcecode.c.objc; path = FoodSelectionViewController.m; sourceTree = "<group>"; };
		E0454A721893FD4A00D22C6A /* SugarAndFats.plist */ = {isa = PBXFileReference; fileEncoding = 4; lastKnownFileType = text.plist.xml; name = SugarAndFats.plist; path = FoodData/SugarAndFats.plist; sourceTree = "<group>"; };
		E04C6A8B18849986005E90B2 /* HealthTracker.app */ = {isa = PBXFileReference; explicitFileType = wrapper.application; includeInIndex = 0; path = HealthTracker.app; sourceTree = BUILT_PRODUCTS_DIR; };
		E04C6A8E18849986005E90B2 /* Foundation.framework */ = {isa = PBXFileReference; lastKnownFileType = wrapper.framework; name = Foundation.framework; path = System/Library/Frameworks/Foundation.framework; sourceTree = SDKROOT; };
		E04C6A9018849986005E90B2 /* CoreGraphics.framework */ = {isa = PBXFileReference; lastKnownFileType = wrapper.framework; name = CoreGraphics.framework; path = System/Library/Frameworks/CoreGraphics.framework; sourceTree = SDKROOT; };
		E04C6A9218849986005E90B2 /* UIKit.framework */ = {isa = PBXFileReference; lastKnownFileType = wrapper.framework; name = UIKit.framework; path = System/Library/Frameworks/UIKit.framework; sourceTree = SDKROOT; };
		E04C6A9618849986005E90B2 /* HealthTracker-Info.plist */ = {isa = PBXFileReference; lastKnownFileType = text.plist.xml; path = "HealthTracker-Info.plist"; sourceTree = "<group>"; };
		E04C6A9818849986005E90B2 /* en */ = {isa = PBXFileReference; lastKnownFileType = text.plist.strings; name = en; path = en.lproj/InfoPlist.strings; sourceTree = "<group>"; };
		E04C6A9A18849986005E90B2 /* main.m */ = {isa = PBXFileReference; lastKnownFileType = sourcecode.c.objc; path = main.m; sourceTree = "<group>"; };
		E04C6A9C18849986005E90B2 /* HealthTracker-Prefix.pch */ = {isa = PBXFileReference; lastKnownFileType = sourcecode.c.h; path = "HealthTracker-Prefix.pch"; sourceTree = "<group>"; };
		E04C6A9D18849986005E90B2 /* HealthTrackerAppDelegate.h */ = {isa = PBXFileReference; lastKnownFileType = sourcecode.c.h; path = HealthTrackerAppDelegate.h; sourceTree = "<group>"; };
		E04C6A9E18849986005E90B2 /* HealthTrackerAppDelegate.m */ = {isa = PBXFileReference; lastKnownFileType = sourcecode.c.objc; path = HealthTrackerAppDelegate.m; sourceTree = "<group>"; };
		E04C6AA118849986005E90B2 /* Base */ = {isa = PBXFileReference; lastKnownFileType = file.storyboard; name = Base; path = Base.lproj/Main.storyboard; sourceTree = "<group>"; };
		E04C6AA318849986005E90B2 /* HealthTrackerViewController.h */ = {isa = PBXFileReference; lastKnownFileType = sourcecode.c.h; path = HealthTrackerViewController.h; sourceTree = "<group>"; };
		E04C6AA418849986005E90B2 /* HealthTrackerViewController.m */ = {isa = PBXFileReference; lastKnownFileType = sourcecode.c.objc; path = HealthTrackerViewController.m; sourceTree = "<group>"; };
		E04C6AA618849986005E90B2 /* Images.xcassets */ = {isa = PBXFileReference; lastKnownFileType = folder.assetcatalog; path = Images.xcassets; sourceTree = "<group>"; };
		E04C6AAC18849986005E90B2 /* HealthTrackerTests.xctest */ = {isa = PBXFileReference; explicitFileType = wrapper.cfbundle; includeInIndex = 0; path = HealthTrackerTests.xctest; sourceTree = BUILT_PRODUCTS_DIR; };
		E04C6AAD18849986005E90B2 /* XCTest.framework */ = {isa = PBXFileReference; lastKnownFileType = wrapper.framework; name = XCTest.framework; path = Library/Frameworks/XCTest.framework; sourceTree = DEVELOPER_DIR; };
		E04C6AB518849986005E90B2 /* HealthTrackerTests-Info.plist */ = {isa = PBXFileReference; lastKnownFileType = text.plist.xml; path = "HealthTrackerTests-Info.plist"; sourceTree = "<group>"; };
		E04C6AB718849986005E90B2 /* en */ = {isa = PBXFileReference; lastKnownFileType = text.plist.strings; name = en; path = en.lproj/InfoPlist.strings; sourceTree = "<group>"; };
		E04C6AB918849986005E90B2 /* HealthTrackerTests.m */ = {isa = PBXFileReference; lastKnownFileType = sourcecode.c.objc; path = HealthTrackerTests.m; sourceTree = "<group>"; };
		E04C6AC318849B5B005E90B2 /* SummaryViewController.h */ = {isa = PBXFileReference; fileEncoding = 4; lastKnownFileType = sourcecode.c.h; path = SummaryViewController.h; sourceTree = "<group>"; };
		E04C6AC418849B5B005E90B2 /* SummaryViewController.m */ = {isa = PBXFileReference; fileEncoding = 4; lastKnownFileType = sourcecode.c.objc; path = SummaryViewController.m; sourceTree = "<group>"; };
		E04C6AC618849BCB005E90B2 /* FoodTrackerViewController.h */ = {isa = PBXFileReference; fileEncoding = 4; lastKnownFileType = sourcecode.c.h; path = FoodTrackerViewController.h; sourceTree = "<group>"; };
		E04C6AC718849BCB005E90B2 /* FoodTrackerViewController.m */ = {isa = PBXFileReference; fileEncoding = 4; lastKnownFileType = sourcecode.c.objc; path = FoodTrackerViewController.m; sourceTree = "<group>"; };
		E04C6AC918849C32005E90B2 /* BMIViewController.h */ = {isa = PBXFileReference; fileEncoding = 4; lastKnownFileType = sourcecode.c.h; path = BMIViewController.h; sourceTree = "<group>"; };
		E04C6ACA18849C32005E90B2 /* BMIViewController.m */ = {isa = PBXFileReference; fileEncoding = 4; lastKnownFileType = sourcecode.c.objc; path = BMIViewController.m; sourceTree = "<group>"; };
		E04C6ACC18849C51005E90B2 /* FitnessActivityLogViewController.h */ = {isa = PBXFileReference; fileEncoding = 4; lastKnownFileType = sourcecode.c.h; path = FitnessActivityLogViewController.h; sourceTree = "<group>"; };
		E04C6ACD18849C51005E90B2 /* FitnessActivityLogViewController.m */ = {isa = PBXFileReference; fileEncoding = 4; lastKnownFileType = sourcecode.c.objc; path = FitnessActivityLogViewController.m; sourceTree = "<group>"; };
		E04C6ACF18849C72005E90B2 /* ProfileViewController.h */ = {isa = PBXFileReference; fileEncoding = 4; lastKnownFileType = sourcecode.c.h; path = ProfileViewController.h; sourceTree = "<group>"; };
		E04C6AD018849C72005E90B2 /* ProfileViewController.m */ = {isa = PBXFileReference; fileEncoding = 4; lastKnownFileType = sourcecode.c.objc; path = ProfileViewController.m; sourceTree = "<group>"; };
		E04C6AD21884A0AF005E90B2 /* BMI.png */ = {isa = PBXFileReference; lastKnownFileType = image.png; path = BMI.png; sourceTree = "<group>"; };
		E04C6AD31884A0AF005E90B2 /* BMI@2x.png */ = {isa = PBXFileReference; lastKnownFileType = image.png; path = "BMI@2x.png"; sourceTree = "<group>"; };
		E0A1419F1886C2DA006F73EA /* ButtonSugarsFat.png */ = {isa = PBXFileReference; lastKnownFileType = image.png; path = ButtonSugarsFat.png; sourceTree = "<group>"; };
		E0A141A11886DC38006F73EA /* ButtonFruit.png */ = {isa = PBXFileReference; lastKnownFileType = image.png; path = ButtonFruit.png; sourceTree = "<group>"; };
		E0A141A21886DC38006F73EA /* ButtonProtein.png */ = {isa = PBXFileReference; lastKnownFileType = image.png; path = ButtonProtein.png; sourceTree = "<group>"; };
		E0A141A31886DC38006F73EA /* ButtonStarch.png */ = {isa = PBXFileReference; lastKnownFileType = image.png; path = ButtonStarch.png; sourceTree = "<group>"; };
		E0A141A41886DC38006F73EA /* ButtonVage.png */ = {isa = PBXFileReference; lastKnownFileType = image.png; path = ButtonVage.png; sourceTree = "<group>"; };
		E0ACB802189436C600328604 /* DairyAndMeat.plist */ = {isa = PBXFileReference; fileEncoding = 4; lastKnownFileType = text.plist.xml; name = DairyAndMeat.plist; path = FoodData/DairyAndMeat.plist; sourceTree = "<group>"; };
		E0ACB805189444A700328604 /* Vegetable.plist */ = {isa = PBXFileReference; fileEncoding = 4; lastKnownFileType = text.plist.xml; name = Vegetable.plist; path = FoodData/Vegetable.plist; sourceTree = "<group>"; };
		E0ACB808189449FE00328604 /* Food.h */ = {isa = PBXFileReference; fileEncoding = 4; lastKnownFileType = sourcecode.c.h; name = Food.h; path = Model/Food/Food.h; sourceTree = "<group>"; };
		E0ACB809189449FE00328604 /* Food.m */ = {isa = PBXFileReference; fileEncoding = 4; lastKnownFileType = sourcecode.c.objc; name = Food.m; path = Model/Food/Food.m; sourceTree = "<group>"; };
		E0ACB80B18944A6000328604 /* FoodDataStore.h */ = {isa = PBXFileReference; fileEncoding = 4; lastKnownFileType = sourcecode.c.h; name = FoodDataStore.h; path = Model/Food/FoodDataStore.h; sourceTree = "<group>"; };
		E0ACB80C18944A6000328604 /* FoodDataStore.m */ = {isa = PBXFileReference; fileEncoding = 4; lastKnownFileType = sourcecode.c.objc; name = FoodDataStore.m; path = Model/Food/FoodDataStore.m; sourceTree = "<group>"; };
		E0CFF07A1885E817003A4D47 /* MapKit.framework */ = {isa = PBXFileReference; lastKnownFileType = wrapper.framework; name = MapKit.framework; path = System/Library/Frameworks/MapKit.framework; sourceTree = SDKROOT; };
		E0F8B70A18855CB9000E1BC8 /* FitnessActivityLog.png */ = {isa = PBXFileReference; lastKnownFileType = image.png; path = FitnessActivityLog.png; sourceTree = "<group>"; };
		E0F8B70B18855CB9000E1BC8 /* FitnessActivityLog@2x.png */ = {isa = PBXFileReference; lastKnownFileType = image.png; path = "FitnessActivityLog@2x.png"; sourceTree = "<group>"; };
		E0F8B70E18855D32000E1BC8 /* MapViewController.h */ = {isa = PBXFileReference; fileEncoding = 4; lastKnownFileType = sourcecode.c.h; path = MapViewController.h; sourceTree = "<group>"; };
		E0F8B70F18855D32000E1BC8 /* MapViewController.m */ = {isa = PBXFileReference; fileEncoding = 4; lastKnownFileType = sourcecode.c.objc; path = MapViewController.m; sourceTree = "<group>"; };
		E0F8B7111885611F000E1BC8 /* FoodTracker.png */ = {isa = PBXFileReference; lastKnownFileType = image.png; path = FoodTracker.png; sourceTree = "<group>"; };
		E0F8B7121885611F000E1BC8 /* FoodTracker@2x.png */ = {isa = PBXFileReference; lastKnownFileType = image.png; path = "FoodTracker@2x.png"; sourceTree = "<group>"; };
		E0F8B7131885611F000E1BC8 /* map.png */ = {isa = PBXFileReference; lastKnownFileType = image.png; path = map.png; sourceTree = "<group>"; };
		E0F8B7141885611F000E1BC8 /* map@2x.png */ = {isa = PBXFileReference; lastKnownFileType = image.png; path = "map@2x.png"; sourceTree = "<group>"; };
		E0F8B7151885611F000E1BC8 /* Profile.png */ = {isa = PBXFileReference; lastKnownFileType = image.png; path = Profile.png; sourceTree = "<group>"; };
		E0F8B7161885611F000E1BC8 /* Profile@2x.png */ = {isa = PBXFileReference; lastKnownFileType = image.png; path = "Profile@2x.png"; sourceTree = "<group>"; };
		E0F8B7171885611F000E1BC8 /* Summary.png */ = {isa = PBXFileReference; lastKnownFileType = image.png; path = Summary.png; sourceTree = "<group>"; };
		E0F8B7181885611F000E1BC8 /* Summary@2x.png */ = {isa = PBXFileReference; lastKnownFileType = image.png; path = "Summary@2x.png"; sourceTree = "<group>"; };
/* End PBXFileReference section */

/* Begin PBXFrameworksBuildPhase section */
		E04C6A8818849986005E90B2 /* Frameworks */ = {
			isa = PBXFrameworksBuildPhase;
			buildActionMask = 2147483647;
			files = (
				E0CFF07B1885E817003A4D47 /* MapKit.framework in Frameworks */,
				E04C6A9118849986005E90B2 /* CoreGraphics.framework in Frameworks */,
				E04C6A9318849986005E90B2 /* UIKit.framework in Frameworks */,
				E04C6A8F18849986005E90B2 /* Foundation.framework in Frameworks */,
			);
			runOnlyForDeploymentPostprocessing = 0;
		};
		E04C6AA918849986005E90B2 /* Frameworks */ = {
			isa = PBXFrameworksBuildPhase;
			buildActionMask = 2147483647;
			files = (
				E04C6AAE18849986005E90B2 /* XCTest.framework in Frameworks */,
				E04C6AB018849986005E90B2 /* UIKit.framework in Frameworks */,
				E04C6AAF18849986005E90B2 /* Foundation.framework in Frameworks */,
			);
			runOnlyForDeploymentPostprocessing = 0;
		};
/* End PBXFrameworksBuildPhase section */

/* Begin PBXGroup section */
		E04C6A8218849986005E90B2 = {
			isa = PBXGroup;
			children = (
				E04C6A9418849986005E90B2 /* HealthTracker */,
				E04C6AB318849986005E90B2 /* HealthTrackerTests */,
				E04C6A8D18849986005E90B2 /* Frameworks */,
				E04C6A8C18849986005E90B2 /* Products */,
			);
			sourceTree = "<group>";
		};
		E04C6A8C18849986005E90B2 /* Products */ = {
			isa = PBXGroup;
			children = (
				E04C6A8B18849986005E90B2 /* HealthTracker.app */,
				E04C6AAC18849986005E90B2 /* HealthTrackerTests.xctest */,
			);
			name = Products;
			sourceTree = "<group>";
		};
		E04C6A8D18849986005E90B2 /* Frameworks */ = {
			isa = PBXGroup;
			children = (
				E0CFF07A1885E817003A4D47 /* MapKit.framework */,
				E04C6A8E18849986005E90B2 /* Foundation.framework */,
				E04C6A9018849986005E90B2 /* CoreGraphics.framework */,
				E04C6A9218849986005E90B2 /* UIKit.framework */,
				E04C6AAD18849986005E90B2 /* XCTest.framework */,
			);
			name = Frameworks;
			sourceTree = "<group>";
		};
		E04C6A9418849986005E90B2 /* HealthTracker */ = {
			isa = PBXGroup;
			children = (
				E0ACB807189449BD00328604 /* FoodModel */,
				E04C6A9D18849986005E90B2 /* HealthTrackerAppDelegate.h */,
				E04C6A9E18849986005E90B2 /* HealthTrackerAppDelegate.m */,
				E04C6AA018849986005E90B2 /* Main.storyboard */,
				E04C6AA618849986005E90B2 /* Images.xcassets */,
				E0ACB80F18945E7400328604 /* ViewControllers */,
				E0ACB8041894386200328604 /* FoodData */,
				E04C6A9518849986005E90B2 /* Supporting Files */,
			);
			path = HealthTracker;
			sourceTree = "<group>";
		};
		E04C6A9518849986005E90B2 /* Supporting Files */ = {
			isa = PBXGroup;
			children = (
				E0A141A11886DC38006F73EA /* ButtonFruit.png */,
				E0A141A21886DC38006F73EA /* ButtonProtein.png */,
				E0A141A31886DC38006F73EA /* ButtonStarch.png */,
				E0A141A41886DC38006F73EA /* ButtonVage.png */,
				E0A1419F1886C2DA006F73EA /* ButtonSugarsFat.png */,
				E04C6AD21884A0AF005E90B2 /* BMI.png */,
				E0F8B7111885611F000E1BC8 /* FoodTracker.png */,
				E0F8B7121885611F000E1BC8 /* FoodTracker@2x.png */,
				E0F8B7131885611F000E1BC8 /* map.png */,
				E0F8B7141885611F000E1BC8 /* map@2x.png */,
				E0F8B7151885611F000E1BC8 /* Profile.png */,
				E0F8B7161885611F000E1BC8 /* Profile@2x.png */,
				E0F8B7171885611F000E1BC8 /* Summary.png */,
				E0F8B7181885611F000E1BC8 /* Summary@2x.png */,
				E0F8B70A18855CB9000E1BC8 /* FitnessActivityLog.png */,
				E0F8B70B18855CB9000E1BC8 /* FitnessActivityLog@2x.png */,
				E04C6AD31884A0AF005E90B2 /* BMI@2x.png */,
				E04C6A9618849986005E90B2 /* HealthTracker-Info.plist */,
				E04C6A9718849986005E90B2 /* InfoPlist.strings */,
				E04C6A9A18849986005E90B2 /* main.m */,
				E04C6A9C18849986005E90B2 /* HealthTracker-Prefix.pch */,
			);
			name = "Supporting Files";
			sourceTree = "<group>";
		};
		E04C6AB318849986005E90B2 /* HealthTrackerTests */ = {
			isa = PBXGroup;
			children = (
				E04C6AB918849986005E90B2 /* HealthTrackerTests.m */,
				E04C6AB418849986005E90B2 /* Supporting Files */,
			);
			path = HealthTrackerTests;
			sourceTree = "<group>";
		};
		E04C6AB418849986005E90B2 /* Supporting Files */ = {
			isa = PBXGroup;
			children = (
				E04C6AB518849986005E90B2 /* HealthTrackerTests-Info.plist */,
				E04C6AB618849986005E90B2 /* InfoPlist.strings */,
			);
			name = "Supporting Files";
			sourceTree = "<group>";
		};
		E0ACB8041894386200328604 /* FoodData */ = {
			isa = PBXGroup;
			children = (
				E0454A721893FD4A00D22C6A /* SugarAndFats.plist */,
				E0ACB802189436C600328604 /* DairyAndMeat.plist */,
				E0ACB805189444A700328604 /* Vegetable.plist */,
			);
			name = FoodData;
			sourceTree = "<group>";
		};
		E0ACB807189449BD00328604 /* FoodModel */ = {
			isa = PBXGroup;
			children = (
				E0ACB808189449FE00328604 /* Food.h */,
				E0ACB809189449FE00328604 /* Food.m */,
				E0ACB80B18944A6000328604 /* FoodDataStore.h */,
				E0ACB80C18944A6000328604 /* FoodDataStore.m */,
			);
			name = FoodModel;
			sourceTree = "<group>";
		};
		E0ACB80F18945E7400328604 /* ViewControllers */ = {
			isa = PBXGroup;
			children = (
				E04C6AA318849986005E90B2 /* HealthTrackerViewController.h */,
				E04C6AA418849986005E90B2 /* HealthTrackerViewController.m */,
				E04C6AC318849B5B005E90B2 /* SummaryViewController.h */,
				E04C6AC418849B5B005E90B2 /* SummaryViewController.m */,
				E04C6AC618849BCB005E90B2 /* FoodTrackerViewController.h */,
				E04C6AC718849BCB005E90B2 /* FoodTrackerViewController.m */,
				E04C6AC918849C32005E90B2 /* BMIViewController.h */,
				E04C6ACA18849C32005E90B2 /* BMIViewController.m */,
				E04C6ACC18849C51005E90B2 /* FitnessActivityLogViewController.h */,
				E04C6ACD18849C51005E90B2 /* FitnessActivityLogViewController.m */,
				E04C6ACF18849C72005E90B2 /* ProfileViewController.h */,
				E04C6AD018849C72005E90B2 /* ProfileViewController.m */,
				E0F8B70E18855D32000E1BC8 /* MapViewController.h */,
				E0F8B70F18855D32000E1BC8 /* MapViewController.m */,
				E0454A6F1893EEEC00D22C6A /* FoodSelectionViewController.h */,
				E0454A701893EEEC00D22C6A /* FoodSelectionViewController.m */,
			);
			name = ViewControllers;
			sourceTree = "<group>";
		};
/* End PBXGroup section */

/* Begin PBXNativeTarget section */
		E04C6A8A18849986005E90B2 /* HealthTracker */ = {
			isa = PBXNativeTarget;
			buildConfigurationList = E04C6ABD18849986005E90B2 /* Build configuration list for PBXNativeTarget "HealthTracker" */;
			buildPhases = (
				E04C6A8718849986005E90B2 /* Sources */,
				E04C6A8818849986005E90B2 /* Frameworks */,
				E04C6A8918849986005E90B2 /* Resources */,
			);
			buildRules = (
			);
			dependencies = (
			);
			name = HealthTracker;
			productName = HealthTracker;
			productReference = E04C6A8B18849986005E90B2 /* HealthTracker.app */;
			productType = "com.apple.product-type.application";
		};
		E04C6AAB18849986005E90B2 /* HealthTrackerTests */ = {
			isa = PBXNativeTarget;
			buildConfigurationList = E04C6AC018849986005E90B2 /* Build configuration list for PBXNativeTarget "HealthTrackerTests" */;
			buildPhases = (
				E04C6AA818849986005E90B2 /* Sources */,
				E04C6AA918849986005E90B2 /* Frameworks */,
				E04C6AAA18849986005E90B2 /* Resources */,
			);
			buildRules = (
			);
			dependencies = (
				E04C6AB218849986005E90B2 /* PBXTargetDependency */,
			);
			name = HealthTrackerTests;
			productName = HealthTrackerTests;
			productReference = E04C6AAC18849986005E90B2 /* HealthTrackerTests.xctest */;
			productType = "com.apple.product-type.bundle.unit-test";
		};
/* End PBXNativeTarget section */

/* Begin PBXProject section */
		E04C6A8318849986005E90B2 /* Project object */ = {
			isa = PBXProject;
			attributes = {
				CLASSPREFIX = HealthTracker;
				LastUpgradeCheck = 0500;
				ORGANIZATIONNAME = Gabi;
				TargetAttributes = {
					E04C6A8A18849986005E90B2 = {
						DevelopmentTeam = 2E5XL3YJX2;
					};
					E04C6AAB18849986005E90B2 = {
						TestTargetID = E04C6A8A18849986005E90B2;
					};
				};
			};
			buildConfigurationList = E04C6A8618849986005E90B2 /* Build configuration list for PBXProject "HealthTracker" */;
			compatibilityVersion = "Xcode 3.2";
			developmentRegion = English;
			hasScannedForEncodings = 0;
			knownRegions = (
				en,
				Base,
			);
			mainGroup = E04C6A8218849986005E90B2;
			productRefGroup = E04C6A8C18849986005E90B2 /* Products */;
			projectDirPath = "";
			projectRoot = "";
			targets = (
				E04C6A8A18849986005E90B2 /* HealthTracker */,
				E04C6AAB18849986005E90B2 /* HealthTrackerTests */,
			);
		};
/* End PBXProject section */

/* Begin PBXResourcesBuildPhase section */
		E04C6A8918849986005E90B2 /* Resources */ = {
			isa = PBXResourcesBuildPhase;
			buildActionMask = 2147483647;
			files = (
				E04C6AA718849986005E90B2 /* Images.xcassets in Resources */,
				E04C6A9918849986005E90B2 /* InfoPlist.strings in Resources */,
				E0A141A01886C2DA006F73EA /* ButtonSugarsFat.png in Resources */,
				E0F8B71F1885611F000E1BC8 /* Summary.png in Resources */,
				E0F8B7201885611F000E1BC8 /* Summary@2x.png in Resources */,
				E0F8B71E1885611F000E1BC8 /* Profile@2x.png in Resources */,
				E04C6AD51884A0AF005E90B2 /* BMI@2x.png in Resources */,
				E04C6AD41884A0AF005E90B2 /* BMI.png in Resources */,
				E0A141A81886DC38006F73EA /* ButtonVage.png in Resources */,
				E0F8B71B1885611F000E1BC8 /* map.png in Resources */,
				E0F8B70C18855CB9000E1BC8 /* FitnessActivityLog.png in Resources */,
				E0A141A51886DC38006F73EA /* ButtonFruit.png in Resources */,
				E0A141A71886DC38006F73EA /* ButtonStarch.png in Resources */,
				E0F8B70D18855CB9000E1BC8 /* FitnessActivityLog@2x.png in Resources */,
				E0F8B71D1885611F000E1BC8 /* Profile.png in Resources */,
				E0F8B7191885611F000E1BC8 /* FoodTracker.png in Resources */,
				E0F8B71A1885611F000E1BC8 /* FoodTracker@2x.png in Resources */,
				E0F8B71C1885611F000E1BC8 /* map@2x.png in Resources */,
				E04C6AA218849986005E90B2 /* Main.storyboard in Resources */,
				E0ACB803189436C600328604 /* DairyAndMeat.plist in Resources */,
				E0ACB806189444A700328604 /* Vegetable.plist in Resources */,
				E0A141A61886DC38006F73EA /* ButtonProtein.png in Resources */,
				E0454A731893FD4A00D22C6A /* SugarAndFats.plist in Resources */,
			);
			runOnlyForDeploymentPostprocessing = 0;
		};
		E04C6AAA18849986005E90B2 /* Resources */ = {
			isa = PBXResourcesBuildPhase;
			buildActionMask = 2147483647;
			files = (
				E04C6AB818849986005E90B2 /* InfoPlist.strings in Resources */,
			);
			runOnlyForDeploymentPostprocessing = 0;
		};
/* End PBXResourcesBuildPhase section */

/* Begin PBXSourcesBuildPhase section */
		E04C6A8718849986005E90B2 /* Sources */ = {
			isa = PBXSourcesBuildPhase;
			buildActionMask = 2147483647;
			files = (
				E04C6A9B18849986005E90B2 /* main.m in Sources */,
				E04C6AC518849B5B005E90B2 /* SummaryViewController.m in Sources */,
				E0ACB80A189449FE00328604 /* Food.m in Sources */,
				E04C6AD118849C72005E90B2 /* ProfileViewController.m in Sources */,
				E0F8B71018855D32000E1BC8 /* MapViewController.m in Sources */,
				E04C6ACE18849C51005E90B2 /* FitnessActivityLogViewController.m in Sources */,
				E0454A711893EEEC00D22C6A /* FoodSelectionViewController.m in Sources */,
				E04C6AC818849BCB005E90B2 /* FoodTrackerViewController.m in Sources */,
				E04C6AA518849986005E90B2 /* HealthTrackerViewController.m in Sources */,
				E0ACB80D18944A6000328604 /* FoodDataStore.m in Sources */,
				E04C6A9F18849986005E90B2 /* HealthTrackerAppDelegate.m in Sources */,
				E04C6ACB18849C32005E90B2 /* BMIViewController.m in Sources */,
			);
			runOnlyForDeploymentPostprocessing = 0;
		};
		E04C6AA818849986005E90B2 /* Sources */ = {
			isa = PBXSourcesBuildPhase;
			buildActionMask = 2147483647;
			files = (
				E04C6ABA18849986005E90B2 /* HealthTrackerTests.m in Sources */,
			);
			runOnlyForDeploymentPostprocessing = 0;
		};
/* End PBXSourcesBuildPhase section */

/* Begin PBXTargetDependency section */
		E04C6AB218849986005E90B2 /* PBXTargetDependency */ = {
			isa = PBXTargetDependency;
			target = E04C6A8A18849986005E90B2 /* HealthTracker */;
			targetProxy = E04C6AB118849986005E90B2 /* PBXContainerItemProxy */;
		};
/* End PBXTargetDependency section */

/* Begin PBXVariantGroup section */
		E04C6A9718849986005E90B2 /* InfoPlist.strings */ = {
			isa = PBXVariantGroup;
			children = (
				E04C6A9818849986005E90B2 /* en */,
			);
			name = InfoPlist.strings;
			sourceTree = "<group>";
		};
		E04C6AA018849986005E90B2 /* Main.storyboard */ = {
			isa = PBXVariantGroup;
			children = (
				E04C6AA118849986005E90B2 /* Base */,
			);
			name = Main.storyboard;
			sourceTree = "<group>";
		};
		E04C6AB618849986005E90B2 /* InfoPlist.strings */ = {
			isa = PBXVariantGroup;
			children = (
				E04C6AB718849986005E90B2 /* en */,
			);
			name = InfoPlist.strings;
			sourceTree = "<group>";
		};
/* End PBXVariantGroup section */

/* Begin XCBuildConfiguration section */
		E04C6ABB18849986005E90B2 /* Debug */ = {
			isa = XCBuildConfiguration;
			buildSettings = {
				ALWAYS_SEARCH_USER_PATHS = NO;
				ARCHS = "$(ARCHS_STANDARD_INCLUDING_64_BIT)";
				CLANG_CXX_LANGUAGE_STANDARD = "gnu++0x";
				CLANG_CXX_LIBRARY = "libc++";
				CLANG_ENABLE_MODULES = YES;
				CLANG_ENABLE_OBJC_ARC = YES;
				CLANG_WARN_BOOL_CONVERSION = YES;
				CLANG_WARN_CONSTANT_CONVERSION = YES;
				CLANG_WARN_DIRECT_OBJC_ISA_USAGE = YES_ERROR;
				CLANG_WARN_EMPTY_BODY = YES;
				CLANG_WARN_ENUM_CONVERSION = YES;
				CLANG_WARN_INT_CONVERSION = YES;
				CLANG_WARN_OBJC_ROOT_CLASS = YES_ERROR;
				CLANG_WARN__DUPLICATE_METHOD_MATCH = YES;
				"CODE_SIGN_IDENTITY[sdk=iphoneos*]" = "iPhone Developer";
				COPY_PHASE_STRIP = NO;
				GCC_C_LANGUAGE_STANDARD = gnu99;
				GCC_DYNAMIC_NO_PIC = NO;
				GCC_OPTIMIZATION_LEVEL = 0;
				GCC_PREPROCESSOR_DEFINITIONS = (
					"DEBUG=1",
					"$(inherited)",
				);
				GCC_SYMBOLS_PRIVATE_EXTERN = NO;
				GCC_WARN_64_TO_32_BIT_CONVERSION = YES;
				GCC_WARN_ABOUT_RETURN_TYPE = YES_ERROR;
				GCC_WARN_UNDECLARED_SELECTOR = YES;
				GCC_WARN_UNINITIALIZED_AUTOS = YES;
				GCC_WARN_UNUSED_FUNCTION = YES;
				GCC_WARN_UNUSED_VARIABLE = YES;
				IPHONEOS_DEPLOYMENT_TARGET = 7.0;
				ONLY_ACTIVE_ARCH = YES;
				SDKROOT = iphoneos;
			};
			name = Debug;
		};
		E04C6ABC18849986005E90B2 /* Release */ = {
			isa = XCBuildConfiguration;
			buildSettings = {
				ALWAYS_SEARCH_USER_PATHS = NO;
				ARCHS = "$(ARCHS_STANDARD_INCLUDING_64_BIT)";
				CLANG_CXX_LANGUAGE_STANDARD = "gnu++0x";
				CLANG_CXX_LIBRARY = "libc++";
				CLANG_ENABLE_MODULES = YES;
				CLANG_ENABLE_OBJC_ARC = YES;
				CLANG_WARN_BOOL_CONVERSION = YES;
				CLANG_WARN_CONSTANT_CONVERSION = YES;
				CLANG_WARN_DIRECT_OBJC_ISA_USAGE = YES_ERROR;
				CLANG_WARN_EMPTY_BODY = YES;
				CLANG_WARN_ENUM_CONVERSION = YES;
				CLANG_WARN_INT_CONVERSION = YES;
				CLANG_WARN_OBJC_ROOT_CLASS = YES_ERROR;
				CLANG_WARN__DUPLICATE_METHOD_MATCH = YES;
				"CODE_SIGN_IDENTITY[sdk=iphoneos*]" = "iPhone Developer";
				COPY_PHASE_STRIP = YES;
				ENABLE_NS_ASSERTIONS = NO;
				GCC_C_LANGUAGE_STANDARD = gnu99;
				GCC_WARN_64_TO_32_BIT_CONVERSION = YES;
				GCC_WARN_ABOUT_RETURN_TYPE = YES_ERROR;
				GCC_WARN_UNDECLARED_SELECTOR = YES;
				GCC_WARN_UNINITIALIZED_AUTOS = YES;
				GCC_WARN_UNUSED_FUNCTION = YES;
				GCC_WARN_UNUSED_VARIABLE = YES;
				IPHONEOS_DEPLOYMENT_TARGET = 7.0;
				SDKROOT = iphoneos;
				VALIDATE_PRODUCT = YES;
			};
			name = Release;
		};
		E04C6ABE18849986005E90B2 /* Debug */ = {
			isa = XCBuildConfiguration;
			buildSettings = {
				ASSETCATALOG_COMPILER_APPICON_NAME = AppIcon;
				ASSETCATALOG_COMPILER_LAUNCHIMAGE_NAME = LaunchImage;
				CODE_SIGN_IDENTITY = "iPhone Developer";
				GCC_PRECOMPILE_PREFIX_HEADER = YES;
				GCC_PREFIX_HEADER = "HealthTracker/HealthTracker-Prefix.pch";
				INFOPLIST_FILE = "HealthTracker/HealthTracker-Info.plist";
				PRODUCT_NAME = "$(TARGET_NAME)";
				WRAPPER_EXTENSION = app;
			};
			name = Debug;
		};
		E04C6ABF18849986005E90B2 /* Release */ = {
			isa = XCBuildConfiguration;
			buildSettings = {
				ASSETCATALOG_COMPILER_APPICON_NAME = AppIcon;
				ASSETCATALOG_COMPILER_LAUNCHIMAGE_NAME = LaunchImage;
				CODE_SIGN_IDENTITY = "iPhone Developer";
				GCC_PRECOMPILE_PREFIX_HEADER = YES;
				GCC_PREFIX_HEADER = "HealthTracker/HealthTracker-Prefix.pch";
				INFOPLIST_FILE = "HealthTracker/HealthTracker-Info.plist";
				PRODUCT_NAME = "$(TARGET_NAME)";
				WRAPPER_EXTENSION = app;
			};
			name = Release;
		};
		E04C6AC118849986005E90B2 /* Debug */ = {
			isa = XCBuildConfiguration;
			buildSettings = {
				ARCHS = "$(ARCHS_STANDARD_INCLUDING_64_BIT)";
				BUNDLE_LOADER = "$(BUILT_PRODUCTS_DIR)/HealthTracker.app/HealthTracker";
				FRAMEWORK_SEARCH_PATHS = (
					"$(SDKROOT)/Developer/Library/Frameworks",
					"$(inherited)",
					"$(DEVELOPER_FRAMEWORKS_DIR)",
				);
				GCC_PRECOMPILE_PREFIX_HEADER = YES;
				GCC_PREFIX_HEADER = "HealthTracker/HealthTracker-Prefix.pch";
				GCC_PREPROCESSOR_DEFINITIONS = (
					"DEBUG=1",
					"$(inherited)",
				);
				INFOPLIST_FILE = "HealthTrackerTests/HealthTrackerTests-Info.plist";
				PRODUCT_NAME = "$(TARGET_NAME)";
				TEST_HOST = "$(BUNDLE_LOADER)";
				WRAPPER_EXTENSION = xctest;
			};
			name = Debug;
		};
		E04C6AC218849986005E90B2 /* Release */ = {
			isa = XCBuildConfiguration;
			buildSettings = {
				ARCHS = "$(ARCHS_STANDARD_INCLUDING_64_BIT)";
				BUNDLE_LOADER = "$(BUILT_PRODUCTS_DIR)/HealthTracker.app/HealthTracker";
				FRAMEWORK_SEARCH_PATHS = (
					"$(SDKROOT)/Developer/Library/Frameworks",
					"$(inherited)",
					"$(DEVELOPER_FRAMEWORKS_DIR)",
				);
				GCC_PRECOMPILE_PREFIX_HEADER = YES;
				GCC_PREFIX_HEADER = "HealthTracker/HealthTracker-Prefix.pch";
				INFOPLIST_FILE = "HealthTrackerTests/HealthTrackerTests-Info.plist";
				PRODUCT_NAME = "$(TARGET_NAME)";
				TEST_HOST = "$(BUNDLE_LOADER)";
				WRAPPER_EXTENSION = xctest;
			};
			name = Release;
		};
/* End XCBuildConfiguration section */

/* Begin XCConfigurationList section */
		E04C6A8618849986005E90B2 /* Build configuration list for PBXProject "HealthTracker" */ = {
			isa = XCConfigurationList;
			buildConfigurations = (
				E04C6ABB18849986005E90B2 /* Debug */,
				E04C6ABC18849986005E90B2 /* Release */,
			);
			defaultConfigurationIsVisible = 0;
			defaultConfigurationName = Release;
		};
		E04C6ABD18849986005E90B2 /* Build configuration list for PBXNativeTarget "HealthTracker" */ = {
			isa = XCConfigurationList;
			buildConfigurations = (
				E04C6ABE18849986005E90B2 /* Debug */,
				E04C6ABF18849986005E90B2 /* Release */,
			);
			defaultConfigurationIsVisible = 0;
			defaultConfigurationName = Release;
		};
		E04C6AC018849986005E90B2 /* Build configuration list for PBXNativeTarget "HealthTrackerTests" */ = {
			isa = XCConfigurationList;
			buildConfigurations = (
				E04C6AC118849986005E90B2 /* Debug */,
				E04C6AC218849986005E90B2 /* Release */,
			);
			defaultConfigurationIsVisible = 0;
			defaultConfigurationName = Release;
		};
/* End XCConfigurationList section */
	};
	rootObject = E04C6A8318849986005E90B2 /* Project object */;
}
